PODS:
  - Alamofire (4.7.1)
  - SwiftyJSON (3.0.0)

DEPENDENCIES:
  - Alamofire
  - SwiftyJSON (from `https://github.com/appsailor/SwiftyJSON`, branch `swift3`)

SPEC REPOS:
  https://github.com/CocoaPods/Specs.git:
    - Alamofire

EXTERNAL SOURCES:
  SwiftyJSON:
    :branch: swift3
    :git: https://github.com/appsailor/SwiftyJSON

CHECKOUT OPTIONS:
  SwiftyJSON:
    :commit: de73429b38b8994f614fb27c5ec094bb8a4833f2
    :git: https://github.com/appsailor/SwiftyJSON

SPEC CHECKSUMS:
  Alamofire: 68d7d521118d49c615a8d2214d87cdf525599d30
  SwiftyJSON: f57b2b44bc166617372d1c70773591fe9f0f5fd4

PODFILE CHECKSUM: ea26f330c65756100204da34900a25d7b6048362

COCOAPODS: 1.5.0
