// !$*UTF8*$!
{
	archiveVersion = 1;
	classes = {
	};
	objectVersion = 48;
	objects = {

/* Begin PBXBuildFile section */
		075DA5E4207D1CCB00199EFC /* BlankViewController.swift in Sources */ = {isa = PBXBuildFile; fileRef = 075DA5E3207D1CCB00199EFC /* BlankViewController.swift */; };
		075DA5E9207D278500199EFC /* GetUserInteractor.swift in Sources */ = {isa = PBXBuildFile; fileRef = 075DA5E8207D278500199EFC /* GetUserInteractor.swift */; };
		075DA5EB207D2A5400199EFC /* Typealias.swift in Sources */ = {isa = PBXBuildFile; fileRef = 075DA5EA207D2A5400199EFC /* Typealias.swift */; };
		075DA5ED207D2B4F00199EFC /* GetUserIntImpl.swift in Sources */ = {isa = PBXBuildFile; fileRef = 075DA5EC207D2B4F00199EFC /* GetUserIntImpl.swift */; };
		075DA5F0207D2CA500199EFC /* RepositoryInteractor.swift in Sources */ = {isa = PBXBuildFile; fileRef = 075DA5EF207D2CA500199EFC /* RepositoryInteractor.swift */; };
		075DA5F2207D2CB800199EFC /* RepositoryFakeInteractor.swift in Sources */ = {isa = PBXBuildFile; fileRef = 075DA5F1207D2CB800199EFC /* RepositoryFakeInteractor.swift */; };
		075DA5F4207D2CCF00199EFC /* RepositoryIntImpl.swift in Sources */ = {isa = PBXBuildFile; fileRef = 075DA5F3207D2CCF00199EFC /* RepositoryIntImpl.swift */; };
		075DA5F8207D5F1600199EFC /* Podfile in Resources */ = {isa = PBXBuildFile; fileRef = 075DA5F7207D5F1600199EFC /* Podfile */; };
		075DA5FC207D624500199EFC /* UserData.swift in Sources */ = {isa = PBXBuildFile; fileRef = 075DA5FB207D624500199EFC /* UserData.swift */; };
		075DA5FE207D645D00199EFC /* User.swift in Sources */ = {isa = PBXBuildFile; fileRef = 075DA5FD207D645D00199EFC /* User.swift */; };
		075DA605207D65DD00199EFC /* GetUserFromBackendInteractor.swift in Sources */ = {isa = PBXBuildFile; fileRef = 075DA604207D65DD00199EFC /* GetUserFromBackendInteractor.swift */; };
		075DA607207D65E900199EFC /* GetUserFromBackendIntImpl.swift in Sources */ = {isa = PBXBuildFile; fileRef = 075DA606207D65E900199EFC /* GetUserFromBackendIntImpl.swift */; };
		075DA609207D660300199EFC /* GetUserFromBackendFakeInteractor.swift in Sources */ = {isa = PBXBuildFile; fileRef = 075DA608207D660300199EFC /* GetUserFromBackendFakeInteractor.swift */; };
		075DA60B207D678500199EFC /* CompletionInterfaces.swift in Sources */ = {isa = PBXBuildFile; fileRef = 075DA60A207D678500199EFC /* CompletionInterfaces.swift */; };
		075DA60D207D68B100199EFC /* Paths.swift in Sources */ = {isa = PBXBuildFile; fileRef = 075DA60C207D68B100199EFC /* Paths.swift */; };
		076E051A2072AAFB00554F97 /* AppDelegate.swift in Sources */ = {isa = PBXBuildFile; fileRef = 076E05192072AAFB00554F97 /* AppDelegate.swift */; };
		076E051D2072AAFB00554F97 /* fisioapp.xcdatamodeld in Sources */ = {isa = PBXBuildFile; fileRef = 076E051B2072AAFB00554F97 /* fisioapp.xcdatamodeld */; };
		076E051F2072AAFB00554F97 /* Assets.xcassets in Resources */ = {isa = PBXBuildFile; fileRef = 076E051E2072AAFB00554F97 /* Assets.xcassets */; };
		076E05222072AAFB00554F97 /* LaunchScreen.storyboard in Resources */ = {isa = PBXBuildFile; fileRef = 076E05202072AAFB00554F97 /* LaunchScreen.storyboard */; };
		076E052D2072AAFB00554F97 /* fisioappTests.swift in Sources */ = {isa = PBXBuildFile; fileRef = 076E052C2072AAFB00554F97 /* fisioappTests.swift */; };
		07B6343B207EB61300DBB501 /* Formatter.swift in Sources */ = {isa = PBXBuildFile; fileRef = 07B6343A207EB61300DBB501 /* Formatter.swift */; };
		07B6343F207EBDC000DBB501 /* AuthenticateUserInBackendInteractor.swift in Sources */ = {isa = PBXBuildFile; fileRef = 07B6343E207EBDC000DBB501 /* AuthenticateUserInBackendInteractor.swift */; };
		07B63441207EBDD700DBB501 /* AuthenticateUserInBackendIntImpl.swift in Sources */ = {isa = PBXBuildFile; fileRef = 07B63440207EBDD700DBB501 /* AuthenticateUserInBackendIntImpl.swift */; };
		07B63443207EBDEB00DBB501 /* RegisterUserInBackendInteractor.swift in Sources */ = {isa = PBXBuildFile; fileRef = 07B63442207EBDEB00DBB501 /* RegisterUserInBackendInteractor.swift */; };
		07B63445207EBDFC00DBB501 /* RegisterUserInBackendIntImpl.swift in Sources */ = {isa = PBXBuildFile; fileRef = 07B63444207EBDFC00DBB501 /* RegisterUserInBackendIntImpl.swift */; };
		07B6344B207EC18200DBB501 /* AuthenticateUserInteractor.swift in Sources */ = {isa = PBXBuildFile; fileRef = 07B6344A207EC18200DBB501 /* AuthenticateUserInteractor.swift */; };
		07B6344D207EC19E00DBB501 /* AuthenticateUserIntImpl.swift in Sources */ = {isa = PBXBuildFile; fileRef = 07B6344C207EC19E00DBB501 /* AuthenticateUserIntImpl.swift */; };
		07B6344F207EC1CD00DBB501 /* RegisterUserIntImpl.swift in Sources */ = {isa = PBXBuildFile; fileRef = 07B6344E207EC1CD00DBB501 /* RegisterUserIntImpl.swift */; };
		07B63451207EC1ED00DBB501 /* RegisterUserInteractor.swift in Sources */ = {isa = PBXBuildFile; fileRef = 07B63450207EC1ED00DBB501 /* RegisterUserInteractor.swift */; };
		07BAE7BA2072BEB500BDA03E /* domain.framework in Frameworks */ = {isa = PBXBuildFile; fileRef = 07BAE7B12072BEB500BDA03E /* domain.framework */; };
		07BAE7C12072BEB500BDA03E /* domainTests.swift in Sources */ = {isa = PBXBuildFile; fileRef = 07BAE7C02072BEB500BDA03E /* domainTests.swift */; };
		07BAE7C32072BEB500BDA03E /* domain.h in Headers */ = {isa = PBXBuildFile; fileRef = 07BAE7B32072BEB500BDA03E /* domain.h */; settings = {ATTRIBUTES = (Public, ); }; };
		07BAE7C62072BEB500BDA03E /* domain.framework in Frameworks */ = {isa = PBXBuildFile; fileRef = 07BAE7B12072BEB500BDA03E /* domain.framework */; };
		07BAE7C72072BEB500BDA03E /* domain.framework in Embed Frameworks */ = {isa = PBXBuildFile; fileRef = 07BAE7B12072BEB500BDA03E /* domain.framework */; settings = {ATTRIBUTES = (CodeSignOnCopy, RemoveHeadersOnCopy, ); }; };
		07BAE7DE2072BF9600BDA03E /* repository.framework in Frameworks */ = {isa = PBXBuildFile; fileRef = 07BAE7D52072BF9600BDA03E /* repository.framework */; };
		07BAE7E52072BF9600BDA03E /* repositoryTests.swift in Sources */ = {isa = PBXBuildFile; fileRef = 07BAE7E42072BF9600BDA03E /* repositoryTests.swift */; };
		07BAE7E72072BF9600BDA03E /* repository.h in Headers */ = {isa = PBXBuildFile; fileRef = 07BAE7D72072BF9600BDA03E /* repository.h */; settings = {ATTRIBUTES = (Public, ); }; };
		07BAE7EA2072BF9600BDA03E /* repository.framework in Frameworks */ = {isa = PBXBuildFile; fileRef = 07BAE7D52072BF9600BDA03E /* repository.framework */; };
		07BAE7EB2072BF9600BDA03E /* repository.framework in Embed Frameworks */ = {isa = PBXBuildFile; fileRef = 07BAE7D52072BF9600BDA03E /* repository.framework */; settings = {ATTRIBUTES = (CodeSignOnCopy, RemoveHeadersOnCopy, ); }; };
		0F9B05C2AC4C3C80FDA8A6D1 /* Pods_fisioapp.framework in Frameworks */ = {isa = PBXBuildFile; fileRef = C389A02E3AF1398B670269D4 /* Pods_fisioapp.framework */; };
		51266D8320760F8400CB3756 /* ProductViewController.swift in Sources */ = {isa = PBXBuildFile; fileRef = 51266D8120760F8400CB3756 /* ProductViewController.swift */; };
		51266D8420760F8400CB3756 /* ProductViewController.xib in Resources */ = {isa = PBXBuildFile; fileRef = 51266D8220760F8400CB3756 /* ProductViewController.xib */; };
		51266D8720760F9500CB3756 /* ServiceViewController.swift in Sources */ = {isa = PBXBuildFile; fileRef = 51266D8520760F9500CB3756 /* ServiceViewController.swift */; };
		51266D8820760F9500CB3756 /* ServiceViewController.xib in Resources */ = {isa = PBXBuildFile; fileRef = 51266D8620760F9500CB3756 /* ServiceViewController.xib */; };
		51266D8F20760FD700CB3756 /* EditProfileViewController.swift in Sources */ = {isa = PBXBuildFile; fileRef = 51266D8D20760FD700CB3756 /* EditProfileViewController.swift */; };
		51266D9020760FD700CB3756 /* EditProfileViewController.xib in Resources */ = {isa = PBXBuildFile; fileRef = 51266D8E20760FD700CB3756 /* EditProfileViewController.xib */; };
		513B29C02088E4E0008D5394 /* UserProfileViewController.swift in Sources */ = {isa = PBXBuildFile; fileRef = 513B29BE2088E4E0008D5394 /* UserProfileViewController.swift */; };
		513B29C12088E4E0008D5394 /* UserProfileViewController.xib in Resources */ = {isa = PBXBuildFile; fileRef = 513B29BF2088E4E0008D5394 /* UserProfileViewController.xib */; };
		513B29C62088F56C008D5394 /* UserPictureViewController.swift in Sources */ = {isa = PBXBuildFile; fileRef = 513B29C42088F56C008D5394 /* UserPictureViewController.swift */; };
		513B29C72088F56C008D5394 /* UserPictureViewController.xib in Resources */ = {isa = PBXBuildFile; fileRef = 513B29C52088F56C008D5394 /* UserPictureViewController.xib */; };
		515D0D52965049E93DF9DA18 /* Pods_fisioappTests.framework in Frameworks */ = {isa = PBXBuildFile; fileRef = 91EFD823280835D0DF8D90AA /* Pods_fisioappTests.framework */; };
		516474A1207609A900DCFA9B /* LoginAndRegisterController.swift in Sources */ = {isa = PBXBuildFile; fileRef = 5164749F207609A900DCFA9B /* LoginAndRegisterController.swift */; };
		516474A2207609A900DCFA9B /* LoginAndRegisterController.xib in Resources */ = {isa = PBXBuildFile; fileRef = 516474A0207609A900DCFA9B /* LoginAndRegisterController.xib */; };
		51666FAF208A65840085D0D5 /* DomainUserProfileInteractor.swift in Sources */ = {isa = PBXBuildFile; fileRef = 51666FAE208A65840085D0D5 /* DomainUserProfileInteractor.swift */; };
		51666FB1208A65BB0085D0D5 /* DomainUserProfileImplementation.swift in Sources */ = {isa = PBXBuildFile; fileRef = 51666FB0208A65BB0085D0D5 /* DomainUserProfileImplementation.swift */; };
		51666FB3208A66110085D0D5 /* RepositoryUserProfileInteractor.swift in Sources */ = {isa = PBXBuildFile; fileRef = 51666FB2208A66110085D0D5 /* RepositoryUserProfileInteractor.swift */; };
		51666FB6208A66330085D0D5 /* RepositoryUserProfileImplementation.swift in Sources */ = {isa = PBXBuildFile; fileRef = 51666FB5208A66330085D0D5 /* RepositoryUserProfileImplementation.swift */; };
		516B17C6207FA12400B86965 /* ViewControllers+AlertMessage.swift in Sources */ = {isa = PBXBuildFile; fileRef = 516B17C5207FA12400B86965 /* ViewControllers+AlertMessage.swift */; };
		5176A058207F4F6400F3C81E /* RemoteBackEndConections.swift in Sources */ = {isa = PBXBuildFile; fileRef = 5176A057207F4F6400F3C81E /* RemoteBackEndConections.swift */; };
		5176A05A207F4FD000F3C81E /* BackEndURLConstants.swift in Sources */ = {isa = PBXBuildFile; fileRef = 5176A059207F4FD000F3C81E /* BackEndURLConstants.swift */; };
		519D19732089FCF70049FB00 /* RepositoryUserPictureInteractor.swift in Sources */ = {isa = PBXBuildFile; fileRef = 519D19722089FCF70049FB00 /* RepositoryUserPictureInteractor.swift */; };
		519D19752089FD060049FB00 /* RepositoryUserPictureInteractorImplementation.swift in Sources */ = {isa = PBXBuildFile; fileRef = 519D19742089FD060049FB00 /* RepositoryUserPictureInteractorImplementation.swift */; };
		519D19782089FF140049FB00 /* DomainUserPictureInteractor.swift in Sources */ = {isa = PBXBuildFile; fileRef = 519D19772089FF140049FB00 /* DomainUserPictureInteractor.swift */; };
		519D197A2089FF250049FB00 /* DomainUserPictureInteractorImplementation.swift in Sources */ = {isa = PBXBuildFile; fileRef = 519D19792089FF250049FB00 /* DomainUserPictureInteractorImplementation.swift */; };
		51FA461520769AD4005F317F /* ProductsViewController.swift in Sources */ = {isa = PBXBuildFile; fileRef = 51FA461320769AD4005F317F /* ProductsViewController.swift */; };
		51FA461620769AD4005F317F /* ProductsViewController.xib in Resources */ = {isa = PBXBuildFile; fileRef = 51FA461420769AD4005F317F /* ProductsViewController.xib */; };
		51FA461920769B24005F317F /* ProductsViewCell.swift in Sources */ = {isa = PBXBuildFile; fileRef = 51FA461720769B24005F317F /* ProductsViewCell.swift */; };
		51FA461A20769B24005F317F /* ProductsViewCell.xib in Resources */ = {isa = PBXBuildFile; fileRef = 51FA461820769B24005F317F /* ProductsViewCell.xib */; };
		51FA461C20769BC5005F317F /* DummyModel.swift in Sources */ = {isa = PBXBuildFile; fileRef = 51FA461B20769BC5005F317F /* DummyModel.swift */; };
		51FA461F20769DB6005F317F /* ServicesViewCell.swift in Sources */ = {isa = PBXBuildFile; fileRef = 51FA461D20769DB6005F317F /* ServicesViewCell.swift */; };
		51FA462020769DB6005F317F /* ServicesViewCell.xib in Resources */ = {isa = PBXBuildFile; fileRef = 51FA461E20769DB6005F317F /* ServicesViewCell.xib */; };
		51FA462320769E07005F317F /* ServicesViewController.swift in Sources */ = {isa = PBXBuildFile; fileRef = 51FA462120769E07005F317F /* ServicesViewController.swift */; };
		51FA462420769E07005F317F /* ServicesViewController.xib in Resources */ = {isa = PBXBuildFile; fileRef = 51FA462220769E07005F317F /* ServicesViewController.xib */; };
		51FA46282076A139005F317F /* AppoitmentsViewController.xib in Resources */ = {isa = PBXBuildFile; fileRef = 51FA46262076A139005F317F /* AppoitmentsViewController.xib */; };
		51FA462B2076A15E005F317F /* AppoitmentsViewCell.swift in Sources */ = {isa = PBXBuildFile; fileRef = 51FA46292076A15E005F317F /* AppoitmentsViewCell.swift */; };
		51FA462C2076A15E005F317F /* AppoitmentsViewCell.xib in Resources */ = {isa = PBXBuildFile; fileRef = 51FA462A2076A15E005F317F /* AppoitmentsViewCell.xib */; };
		5B5824D22084DAFA006399A1 /* AppointmentModel.swift in Sources */ = {isa = PBXBuildFile; fileRef = 5B5824D12084DAFA006399A1 /* AppointmentModel.swift */; };
		5B5824D62084DB62006399A1 /* AppointmentsVCExtension.swift in Sources */ = {isa = PBXBuildFile; fileRef = 5B5824D32084DB62006399A1 /* AppointmentsVCExtension.swift */; };
		5B5824D72084DB62006399A1 /* AppoitmentsViewController.swift in Sources */ = {isa = PBXBuildFile; fileRef = 5B5824D42084DB62006399A1 /* AppoitmentsViewController.swift */; };
		5B5824D82084DB62006399A1 /* AppoitmentViewController.swift in Sources */ = {isa = PBXBuildFile; fileRef = 5B5824D52084DB62006399A1 /* AppoitmentViewController.swift */; };
		5B5824DA2084DB91006399A1 /* AppoitmentViewController.xib in Resources */ = {isa = PBXBuildFile; fileRef = 5B5824D92084DB91006399A1 /* AppoitmentViewController.xib */; };
		5B5824DC2084DC9E006399A1 /* Appointment.swift in Sources */ = {isa = PBXBuildFile; fileRef = 5B5824DB2084DC9E006399A1 /* Appointment.swift */; };
		5B5824E12084DCDD006399A1 /* GetAppointmentsForDateIntImpl.swift in Sources */ = {isa = PBXBuildFile; fileRef = 5B5824DF2084DCDD006399A1 /* GetAppointmentsForDateIntImpl.swift */; };
		5B5824E22084DCDD006399A1 /* GetAppointmentsForDateInteractor.swift in Sources */ = {isa = PBXBuildFile; fileRef = 5B5824E02084DCDD006399A1 /* GetAppointmentsForDateInteractor.swift */; };
		5B5824E62084DD63006399A1 /* AppointmentData.swift in Sources */ = {isa = PBXBuildFile; fileRef = 5B5824E42084DD63006399A1 /* AppointmentData.swift */; };
		5B5824E72084DD63006399A1 /* CatalogData.swift in Sources */ = {isa = PBXBuildFile; fileRef = 5B5824E52084DD63006399A1 /* CatalogData.swift */; };
		5B5824EB2084DD9B006399A1 /* GetAppointmentsForDateFromBackEndInteractor.swift in Sources */ = {isa = PBXBuildFile; fileRef = 5B5824E92084DD9B006399A1 /* GetAppointmentsForDateFromBackEndInteractor.swift */; };
		5B5824EC2084DD9B006399A1 /* GetAppointmentsForDateFromBackEndIntImpl.swift in Sources */ = {isa = PBXBuildFile; fileRef = 5B5824EA2084DD9B006399A1 /* GetAppointmentsForDateFromBackEndIntImpl.swift */; };
/* End PBXBuildFile section */

/* Begin PBXContainerItemProxy section */
		076E05292072AAFB00554F97 /* PBXContainerItemProxy */ = {
			isa = PBXContainerItemProxy;
			containerPortal = 076E050E2072AAFB00554F97 /* Project object */;
			proxyType = 1;
			remoteGlobalIDString = 076E05152072AAFB00554F97;
			remoteInfo = fisioapp;
		};
		07BAE7BB2072BEB500BDA03E /* PBXContainerItemProxy */ = {
			isa = PBXContainerItemProxy;
			containerPortal = 076E050E2072AAFB00554F97 /* Project object */;
			proxyType = 1;
			remoteGlobalIDString = 07BAE7B02072BEB500BDA03E;
			remoteInfo = domain;
		};
		07BAE7BD2072BEB500BDA03E /* PBXContainerItemProxy */ = {
			isa = PBXContainerItemProxy;
			containerPortal = 076E050E2072AAFB00554F97 /* Project object */;
			proxyType = 1;
			remoteGlobalIDString = 076E05152072AAFB00554F97;
			remoteInfo = fisioapp;
		};
		07BAE7C42072BEB500BDA03E /* PBXContainerItemProxy */ = {
			isa = PBXContainerItemProxy;
			containerPortal = 076E050E2072AAFB00554F97 /* Project object */;
			proxyType = 1;
			remoteGlobalIDString = 07BAE7B02072BEB500BDA03E;
			remoteInfo = domain;
		};
		07BAE7DF2072BF9600BDA03E /* PBXContainerItemProxy */ = {
			isa = PBXContainerItemProxy;
			containerPortal = 076E050E2072AAFB00554F97 /* Project object */;
			proxyType = 1;
			remoteGlobalIDString = 07BAE7D42072BF9600BDA03E;
			remoteInfo = repository;
		};
		07BAE7E12072BF9600BDA03E /* PBXContainerItemProxy */ = {
			isa = PBXContainerItemProxy;
			containerPortal = 076E050E2072AAFB00554F97 /* Project object */;
			proxyType = 1;
			remoteGlobalIDString = 076E05152072AAFB00554F97;
			remoteInfo = fisioapp;
		};
		07BAE7E82072BF9600BDA03E /* PBXContainerItemProxy */ = {
			isa = PBXContainerItemProxy;
			containerPortal = 076E050E2072AAFB00554F97 /* Project object */;
			proxyType = 1;
			remoteGlobalIDString = 07BAE7D42072BF9600BDA03E;
			remoteInfo = repository;
		};
/* End PBXContainerItemProxy section */

/* Begin PBXCopyFilesBuildPhase section */
		07BAE7CD2072BEB500BDA03E /* Embed Frameworks */ = {
			isa = PBXCopyFilesBuildPhase;
			buildActionMask = 2147483647;
			dstPath = "";
			dstSubfolderSpec = 10;
			files = (
				07BAE7EB2072BF9600BDA03E /* repository.framework in Embed Frameworks */,
				07BAE7C72072BEB500BDA03E /* domain.framework in Embed Frameworks */,
			);
			name = "Embed Frameworks";
			runOnlyForDeploymentPostprocessing = 0;
		};
/* End PBXCopyFilesBuildPhase section */

/* Begin PBXFileReference section */
		075DA5E3207D1CCB00199EFC /* BlankViewController.swift */ = {isa = PBXFileReference; lastKnownFileType = sourcecode.swift; path = BlankViewController.swift; sourceTree = "<group>"; };
		075DA5E8207D278500199EFC /* GetUserInteractor.swift */ = {isa = PBXFileReference; lastKnownFileType = sourcecode.swift; path = GetUserInteractor.swift; sourceTree = "<group>"; };
		075DA5EA207D2A5400199EFC /* Typealias.swift */ = {isa = PBXFileReference; lastKnownFileType = sourcecode.swift; path = Typealias.swift; sourceTree = "<group>"; };
		075DA5EC207D2B4F00199EFC /* GetUserIntImpl.swift */ = {isa = PBXFileReference; lastKnownFileType = sourcecode.swift; path = GetUserIntImpl.swift; sourceTree = "<group>"; };
		075DA5EF207D2CA500199EFC /* RepositoryInteractor.swift */ = {isa = PBXFileReference; lastKnownFileType = sourcecode.swift; path = RepositoryInteractor.swift; sourceTree = "<group>"; };
		075DA5F1207D2CB800199EFC /* RepositoryFakeInteractor.swift */ = {isa = PBXFileReference; lastKnownFileType = sourcecode.swift; path = RepositoryFakeInteractor.swift; sourceTree = "<group>"; };
		075DA5F3207D2CCF00199EFC /* RepositoryIntImpl.swift */ = {isa = PBXFileReference; lastKnownFileType = sourcecode.swift; path = RepositoryIntImpl.swift; sourceTree = "<group>"; };
		075DA5F7207D5F1600199EFC /* Podfile */ = {isa = PBXFileReference; lastKnownFileType = text; path = Podfile; sourceTree = "<group>"; xcLanguageSpecificationIdentifier = xcode.lang.ruby; };
		075DA5FB207D624500199EFC /* UserData.swift */ = {isa = PBXFileReference; lastKnownFileType = sourcecode.swift; path = UserData.swift; sourceTree = "<group>"; };
		075DA5FD207D645D00199EFC /* User.swift */ = {isa = PBXFileReference; lastKnownFileType = sourcecode.swift; path = User.swift; sourceTree = "<group>"; };
		075DA604207D65DD00199EFC /* GetUserFromBackendInteractor.swift */ = {isa = PBXFileReference; lastKnownFileType = sourcecode.swift; path = GetUserFromBackendInteractor.swift; sourceTree = "<group>"; };
		075DA606207D65E900199EFC /* GetUserFromBackendIntImpl.swift */ = {isa = PBXFileReference; lastKnownFileType = sourcecode.swift; path = GetUserFromBackendIntImpl.swift; sourceTree = "<group>"; };
		075DA608207D660300199EFC /* GetUserFromBackendFakeInteractor.swift */ = {isa = PBXFileReference; lastKnownFileType = sourcecode.swift; path = GetUserFromBackendFakeInteractor.swift; sourceTree = "<group>"; };
		075DA60A207D678500199EFC /* CompletionInterfaces.swift */ = {isa = PBXFileReference; lastKnownFileType = sourcecode.swift; path = CompletionInterfaces.swift; sourceTree = "<group>"; };
		075DA60C207D68B100199EFC /* Paths.swift */ = {isa = PBXFileReference; lastKnownFileType = sourcecode.swift; path = Paths.swift; sourceTree = "<group>"; };
		076E05162072AAFB00554F97 /* fisioapp.app */ = {isa = PBXFileReference; explicitFileType = wrapper.application; includeInIndex = 0; path = fisioapp.app; sourceTree = BUILT_PRODUCTS_DIR; };
		076E05192072AAFB00554F97 /* AppDelegate.swift */ = {isa = PBXFileReference; lastKnownFileType = sourcecode.swift; path = AppDelegate.swift; sourceTree = "<group>"; };
		076E051C2072AAFB00554F97 /* fisioapp.xcdatamodel */ = {isa = PBXFileReference; lastKnownFileType = wrapper.xcdatamodel; path = fisioapp.xcdatamodel; sourceTree = "<group>"; };
		076E051E2072AAFB00554F97 /* Assets.xcassets */ = {isa = PBXFileReference; lastKnownFileType = folder.assetcatalog; path = Assets.xcassets; sourceTree = "<group>"; };
		076E05212072AAFB00554F97 /* Base */ = {isa = PBXFileReference; lastKnownFileType = file.storyboard; name = Base; path = Base.lproj/LaunchScreen.storyboard; sourceTree = "<group>"; };
		076E05232072AAFB00554F97 /* Info.plist */ = {isa = PBXFileReference; lastKnownFileType = text.plist.xml; path = Info.plist; sourceTree = "<group>"; };
		076E05282072AAFB00554F97 /* fisioappTests.xctest */ = {isa = PBXFileReference; explicitFileType = wrapper.cfbundle; includeInIndex = 0; path = fisioappTests.xctest; sourceTree = BUILT_PRODUCTS_DIR; };
		076E052C2072AAFB00554F97 /* fisioappTests.swift */ = {isa = PBXFileReference; lastKnownFileType = sourcecode.swift; path = fisioappTests.swift; sourceTree = "<group>"; };
		076E052E2072AAFB00554F97 /* Info.plist */ = {isa = PBXFileReference; lastKnownFileType = text.plist.xml; path = Info.plist; sourceTree = "<group>"; };
		07B6343A207EB61300DBB501 /* Formatter.swift */ = {isa = PBXFileReference; lastKnownFileType = sourcecode.swift; path = Formatter.swift; sourceTree = "<group>"; };
		07B6343E207EBDC000DBB501 /* AuthenticateUserInBackendInteractor.swift */ = {isa = PBXFileReference; lastKnownFileType = sourcecode.swift; path = AuthenticateUserInBackendInteractor.swift; sourceTree = "<group>"; };
		07B63440207EBDD700DBB501 /* AuthenticateUserInBackendIntImpl.swift */ = {isa = PBXFileReference; lastKnownFileType = sourcecode.swift; path = AuthenticateUserInBackendIntImpl.swift; sourceTree = "<group>"; };
		07B63442207EBDEB00DBB501 /* RegisterUserInBackendInteractor.swift */ = {isa = PBXFileReference; lastKnownFileType = sourcecode.swift; path = RegisterUserInBackendInteractor.swift; sourceTree = "<group>"; };
		07B63444207EBDFC00DBB501 /* RegisterUserInBackendIntImpl.swift */ = {isa = PBXFileReference; lastKnownFileType = sourcecode.swift; path = RegisterUserInBackendIntImpl.swift; sourceTree = "<group>"; };
		07B6344A207EC18200DBB501 /* AuthenticateUserInteractor.swift */ = {isa = PBXFileReference; lastKnownFileType = sourcecode.swift; path = AuthenticateUserInteractor.swift; sourceTree = "<group>"; };
		07B6344C207EC19E00DBB501 /* AuthenticateUserIntImpl.swift */ = {isa = PBXFileReference; lastKnownFileType = sourcecode.swift; path = AuthenticateUserIntImpl.swift; sourceTree = "<group>"; };
		07B6344E207EC1CD00DBB501 /* RegisterUserIntImpl.swift */ = {isa = PBXFileReference; lastKnownFileType = sourcecode.swift; path = RegisterUserIntImpl.swift; sourceTree = "<group>"; };
		07B63450207EC1ED00DBB501 /* RegisterUserInteractor.swift */ = {isa = PBXFileReference; lastKnownFileType = sourcecode.swift; path = RegisterUserInteractor.swift; sourceTree = "<group>"; };
		07BAE7B12072BEB500BDA03E /* domain.framework */ = {isa = PBXFileReference; explicitFileType = wrapper.framework; includeInIndex = 0; path = domain.framework; sourceTree = BUILT_PRODUCTS_DIR; };
		07BAE7B32072BEB500BDA03E /* domain.h */ = {isa = PBXFileReference; lastKnownFileType = sourcecode.c.h; path = domain.h; sourceTree = "<group>"; };
		07BAE7B42072BEB500BDA03E /* Info.plist */ = {isa = PBXFileReference; lastKnownFileType = text.plist.xml; path = Info.plist; sourceTree = "<group>"; };
		07BAE7B92072BEB500BDA03E /* domainTests.xctest */ = {isa = PBXFileReference; explicitFileType = wrapper.cfbundle; includeInIndex = 0; path = domainTests.xctest; sourceTree = BUILT_PRODUCTS_DIR; };
		07BAE7C02072BEB500BDA03E /* domainTests.swift */ = {isa = PBXFileReference; lastKnownFileType = sourcecode.swift; path = domainTests.swift; sourceTree = "<group>"; };
		07BAE7C22072BEB500BDA03E /* Info.plist */ = {isa = PBXFileReference; lastKnownFileType = text.plist.xml; path = Info.plist; sourceTree = "<group>"; };
		07BAE7D52072BF9600BDA03E /* repository.framework */ = {isa = PBXFileReference; explicitFileType = wrapper.framework; includeInIndex = 0; path = repository.framework; sourceTree = BUILT_PRODUCTS_DIR; };
		07BAE7D72072BF9600BDA03E /* repository.h */ = {isa = PBXFileReference; lastKnownFileType = sourcecode.c.h; path = repository.h; sourceTree = "<group>"; };
		07BAE7D82072BF9600BDA03E /* Info.plist */ = {isa = PBXFileReference; lastKnownFileType = text.plist.xml; path = Info.plist; sourceTree = "<group>"; };
		07BAE7DD2072BF9600BDA03E /* repositoryTests.xctest */ = {isa = PBXFileReference; explicitFileType = wrapper.cfbundle; includeInIndex = 0; path = repositoryTests.xctest; sourceTree = BUILT_PRODUCTS_DIR; };
		07BAE7E42072BF9600BDA03E /* repositoryTests.swift */ = {isa = PBXFileReference; lastKnownFileType = sourcecode.swift; path = repositoryTests.swift; sourceTree = "<group>"; };
		07BAE7E62072BF9600BDA03E /* Info.plist */ = {isa = PBXFileReference; lastKnownFileType = text.plist.xml; path = Info.plist; sourceTree = "<group>"; };
		1C5A2298EBD8218EC5968D97 /* Pods-fisioapp.release.xcconfig */ = {isa = PBXFileReference; includeInIndex = 1; lastKnownFileType = text.xcconfig; name = "Pods-fisioapp.release.xcconfig"; path = "Pods/Target Support Files/Pods-fisioapp/Pods-fisioapp.release.xcconfig"; sourceTree = "<group>"; };
		3E2EFB7C8A21C8FEA12FC4B5 /* Pods-fisioappTests.debug.xcconfig */ = {isa = PBXFileReference; includeInIndex = 1; lastKnownFileType = text.xcconfig; name = "Pods-fisioappTests.debug.xcconfig"; path = "Pods/Target Support Files/Pods-fisioappTests/Pods-fisioappTests.debug.xcconfig"; sourceTree = "<group>"; };
		51266D8120760F8400CB3756 /* ProductViewController.swift */ = {isa = PBXFileReference; lastKnownFileType = sourcecode.swift; path = ProductViewController.swift; sourceTree = "<group>"; };
		51266D8220760F8400CB3756 /* ProductViewController.xib */ = {isa = PBXFileReference; lastKnownFileType = file.xib; path = ProductViewController.xib; sourceTree = "<group>"; };
		51266D8520760F9500CB3756 /* ServiceViewController.swift */ = {isa = PBXFileReference; lastKnownFileType = sourcecode.swift; path = ServiceViewController.swift; sourceTree = "<group>"; };
		51266D8620760F9500CB3756 /* ServiceViewController.xib */ = {isa = PBXFileReference; lastKnownFileType = file.xib; path = ServiceViewController.xib; sourceTree = "<group>"; };
		51266D8D20760FD700CB3756 /* EditProfileViewController.swift */ = {isa = PBXFileReference; lastKnownFileType = sourcecode.swift; path = EditProfileViewController.swift; sourceTree = "<group>"; };
		51266D8E20760FD700CB3756 /* EditProfileViewController.xib */ = {isa = PBXFileReference; lastKnownFileType = file.xib; path = EditProfileViewController.xib; sourceTree = "<group>"; };
		513B29BE2088E4E0008D5394 /* UserProfileViewController.swift */ = {isa = PBXFileReference; lastKnownFileType = sourcecode.swift; path = UserProfileViewController.swift; sourceTree = "<group>"; };
		513B29BF2088E4E0008D5394 /* UserProfileViewController.xib */ = {isa = PBXFileReference; lastKnownFileType = file.xib; path = UserProfileViewController.xib; sourceTree = "<group>"; };
		513B29C42088F56C008D5394 /* UserPictureViewController.swift */ = {isa = PBXFileReference; lastKnownFileType = sourcecode.swift; path = UserPictureViewController.swift; sourceTree = "<group>"; };
		513B29C52088F56C008D5394 /* UserPictureViewController.xib */ = {isa = PBXFileReference; lastKnownFileType = file.xib; path = UserPictureViewController.xib; sourceTree = "<group>"; };
		5164749F207609A900DCFA9B /* LoginAndRegisterController.swift */ = {isa = PBXFileReference; lastKnownFileType = sourcecode.swift; path = LoginAndRegisterController.swift; sourceTree = "<group>"; };
		516474A0207609A900DCFA9B /* LoginAndRegisterController.xib */ = {isa = PBXFileReference; lastKnownFileType = file.xib; path = LoginAndRegisterController.xib; sourceTree = "<group>"; };
		51666FAE208A65840085D0D5 /* DomainUserProfileInteractor.swift */ = {isa = PBXFileReference; lastKnownFileType = sourcecode.swift; path = DomainUserProfileInteractor.swift; sourceTree = "<group>"; };
		51666FB0208A65BB0085D0D5 /* DomainUserProfileImplementation.swift */ = {isa = PBXFileReference; lastKnownFileType = sourcecode.swift; path = DomainUserProfileImplementation.swift; sourceTree = "<group>"; };
		51666FB2208A66110085D0D5 /* RepositoryUserProfileInteractor.swift */ = {isa = PBXFileReference; lastKnownFileType = sourcecode.swift; path = RepositoryUserProfileInteractor.swift; sourceTree = "<group>"; };
		51666FB5208A66330085D0D5 /* RepositoryUserProfileImplementation.swift */ = {isa = PBXFileReference; lastKnownFileType = sourcecode.swift; path = RepositoryUserProfileImplementation.swift; sourceTree = "<group>"; };
		516B17C5207FA12400B86965 /* ViewControllers+AlertMessage.swift */ = {isa = PBXFileReference; lastKnownFileType = sourcecode.swift; path = "ViewControllers+AlertMessage.swift"; sourceTree = "<group>"; };
		5176A057207F4F6400F3C81E /* RemoteBackEndConections.swift */ = {isa = PBXFileReference; lastKnownFileType = sourcecode.swift; path = RemoteBackEndConections.swift; sourceTree = "<group>"; };
		5176A059207F4FD000F3C81E /* BackEndURLConstants.swift */ = {isa = PBXFileReference; lastKnownFileType = sourcecode.swift; path = BackEndURLConstants.swift; sourceTree = "<group>"; };
		519D19722089FCF70049FB00 /* RepositoryUserPictureInteractor.swift */ = {isa = PBXFileReference; lastKnownFileType = sourcecode.swift; path = RepositoryUserPictureInteractor.swift; sourceTree = "<group>"; };
		519D19742089FD060049FB00 /* RepositoryUserPictureInteractorImplementation.swift */ = {isa = PBXFileReference; lastKnownFileType = sourcecode.swift; path = RepositoryUserPictureInteractorImplementation.swift; sourceTree = "<group>"; };
		519D19772089FF140049FB00 /* DomainUserPictureInteractor.swift */ = {isa = PBXFileReference; lastKnownFileType = sourcecode.swift; path = DomainUserPictureInteractor.swift; sourceTree = "<group>"; };
		519D19792089FF250049FB00 /* DomainUserPictureInteractorImplementation.swift */ = {isa = PBXFileReference; lastKnownFileType = sourcecode.swift; path = DomainUserPictureInteractorImplementation.swift; sourceTree = "<group>"; };
		51FA461320769AD4005F317F /* ProductsViewController.swift */ = {isa = PBXFileReference; lastKnownFileType = sourcecode.swift; path = ProductsViewController.swift; sourceTree = "<group>"; };
		51FA461420769AD4005F317F /* ProductsViewController.xib */ = {isa = PBXFileReference; lastKnownFileType = file.xib; path = ProductsViewController.xib; sourceTree = "<group>"; };
		51FA461720769B24005F317F /* ProductsViewCell.swift */ = {isa = PBXFileReference; lastKnownFileType = sourcecode.swift; path = ProductsViewCell.swift; sourceTree = "<group>"; };
		51FA461820769B24005F317F /* ProductsViewCell.xib */ = {isa = PBXFileReference; lastKnownFileType = file.xib; path = ProductsViewCell.xib; sourceTree = "<group>"; };
		51FA461B20769BC5005F317F /* DummyModel.swift */ = {isa = PBXFileReference; lastKnownFileType = sourcecode.swift; path = DummyModel.swift; sourceTree = "<group>"; };
		51FA461D20769DB6005F317F /* ServicesViewCell.swift */ = {isa = PBXFileReference; lastKnownFileType = sourcecode.swift; path = ServicesViewCell.swift; sourceTree = "<group>"; };
		51FA461E20769DB6005F317F /* ServicesViewCell.xib */ = {isa = PBXFileReference; lastKnownFileType = file.xib; path = ServicesViewCell.xib; sourceTree = "<group>"; };
		51FA462120769E07005F317F /* ServicesViewController.swift */ = {isa = PBXFileReference; lastKnownFileType = sourcecode.swift; path = ServicesViewController.swift; sourceTree = "<group>"; };
		51FA462220769E07005F317F /* ServicesViewController.xib */ = {isa = PBXFileReference; lastKnownFileType = file.xib; path = ServicesViewController.xib; sourceTree = "<group>"; };
		51FA46262076A139005F317F /* AppoitmentsViewController.xib */ = {isa = PBXFileReference; lastKnownFileType = file.xib; path = AppoitmentsViewController.xib; sourceTree = "<group>"; };
		51FA46292076A15E005F317F /* AppoitmentsViewCell.swift */ = {isa = PBXFileReference; lastKnownFileType = sourcecode.swift; path = AppoitmentsViewCell.swift; sourceTree = "<group>"; };
		51FA462A2076A15E005F317F /* AppoitmentsViewCell.xib */ = {isa = PBXFileReference; lastKnownFileType = file.xib; path = AppoitmentsViewCell.xib; sourceTree = "<group>"; };
		5B5824D12084DAFA006399A1 /* AppointmentModel.swift */ = {isa = PBXFileReference; fileEncoding = 4; lastKnownFileType = sourcecode.swift; path = AppointmentModel.swift; sourceTree = "<group>"; };
		5B5824D32084DB62006399A1 /* AppointmentsVCExtension.swift */ = {isa = PBXFileReference; fileEncoding = 4; lastKnownFileType = sourcecode.swift; path = AppointmentsVCExtension.swift; sourceTree = "<group>"; };
		5B5824D42084DB62006399A1 /* AppoitmentsViewController.swift */ = {isa = PBXFileReference; fileEncoding = 4; lastKnownFileType = sourcecode.swift; path = AppoitmentsViewController.swift; sourceTree = "<group>"; };
		5B5824D52084DB62006399A1 /* AppoitmentViewController.swift */ = {isa = PBXFileReference; fileEncoding = 4; lastKnownFileType = sourcecode.swift; path = AppoitmentViewController.swift; sourceTree = "<group>"; };
		5B5824D92084DB91006399A1 /* AppoitmentViewController.xib */ = {isa = PBXFileReference; fileEncoding = 4; lastKnownFileType = file.xib; path = AppoitmentViewController.xib; sourceTree = "<group>"; };
		5B5824DB2084DC9E006399A1 /* Appointment.swift */ = {isa = PBXFileReference; fileEncoding = 4; lastKnownFileType = sourcecode.swift; path = Appointment.swift; sourceTree = "<group>"; };
		5B5824DF2084DCDD006399A1 /* GetAppointmentsForDateIntImpl.swift */ = {isa = PBXFileReference; lastKnownFileType = sourcecode.swift; path = GetAppointmentsForDateIntImpl.swift; sourceTree = "<group>"; };
		5B5824E02084DCDD006399A1 /* GetAppointmentsForDateInteractor.swift */ = {isa = PBXFileReference; lastKnownFileType = sourcecode.swift; path = GetAppointmentsForDateInteractor.swift; sourceTree = "<group>"; };
		5B5824E42084DD63006399A1 /* AppointmentData.swift */ = {isa = PBXFileReference; fileEncoding = 4; lastKnownFileType = sourcecode.swift; path = AppointmentData.swift; sourceTree = "<group>"; };
		5B5824E52084DD63006399A1 /* CatalogData.swift */ = {isa = PBXFileReference; fileEncoding = 4; lastKnownFileType = sourcecode.swift; path = CatalogData.swift; sourceTree = "<group>"; };
		5B5824E92084DD9B006399A1 /* GetAppointmentsForDateFromBackEndInteractor.swift */ = {isa = PBXFileReference; fileEncoding = 4; lastKnownFileType = sourcecode.swift; path = GetAppointmentsForDateFromBackEndInteractor.swift; sourceTree = "<group>"; };
		5B5824EA2084DD9B006399A1 /* GetAppointmentsForDateFromBackEndIntImpl.swift */ = {isa = PBXFileReference; fileEncoding = 4; lastKnownFileType = sourcecode.swift; path = GetAppointmentsForDateFromBackEndIntImpl.swift; sourceTree = "<group>"; };
		91EFD823280835D0DF8D90AA /* Pods_fisioappTests.framework */ = {isa = PBXFileReference; explicitFileType = wrapper.framework; includeInIndex = 0; path = Pods_fisioappTests.framework; sourceTree = BUILT_PRODUCTS_DIR; };
		C389A02E3AF1398B670269D4 /* Pods_fisioapp.framework */ = {isa = PBXFileReference; explicitFileType = wrapper.framework; includeInIndex = 0; path = Pods_fisioapp.framework; sourceTree = BUILT_PRODUCTS_DIR; };
		D3933672ADBDBF7E85AD2DF0 /* Pods-fisioappTests.release.xcconfig */ = {isa = PBXFileReference; includeInIndex = 1; lastKnownFileType = text.xcconfig; name = "Pods-fisioappTests.release.xcconfig"; path = "Pods/Target Support Files/Pods-fisioappTests/Pods-fisioappTests.release.xcconfig"; sourceTree = "<group>"; };
		E22BE32E203616465C02C00B /* Pods-fisioapp.debug.xcconfig */ = {isa = PBXFileReference; includeInIndex = 1; lastKnownFileType = text.xcconfig; name = "Pods-fisioapp.debug.xcconfig"; path = "Pods/Target Support Files/Pods-fisioapp/Pods-fisioapp.debug.xcconfig"; sourceTree = "<group>"; };
/* End PBXFileReference section */

/* Begin PBXFrameworksBuildPhase section */
		076E05132072AAFB00554F97 /* Frameworks */ = {
			isa = PBXFrameworksBuildPhase;
			buildActionMask = 2147483647;
			files = (
				07BAE7EA2072BF9600BDA03E /* repository.framework in Frameworks */,
				07BAE7C62072BEB500BDA03E /* domain.framework in Frameworks */,
				0F9B05C2AC4C3C80FDA8A6D1 /* Pods_fisioapp.framework in Frameworks */,
			);
			runOnlyForDeploymentPostprocessing = 0;
		};
		076E05252072AAFB00554F97 /* Frameworks */ = {
			isa = PBXFrameworksBuildPhase;
			buildActionMask = 2147483647;
			files = (
				515D0D52965049E93DF9DA18 /* Pods_fisioappTests.framework in Frameworks */,
			);
			runOnlyForDeploymentPostprocessing = 0;
		};
		07BAE7AD2072BEB500BDA03E /* Frameworks */ = {
			isa = PBXFrameworksBuildPhase;
			buildActionMask = 2147483647;
			files = (
			);
			runOnlyForDeploymentPostprocessing = 0;
		};
		07BAE7B62072BEB500BDA03E /* Frameworks */ = {
			isa = PBXFrameworksBuildPhase;
			buildActionMask = 2147483647;
			files = (
				07BAE7BA2072BEB500BDA03E /* domain.framework in Frameworks */,
			);
			runOnlyForDeploymentPostprocessing = 0;
		};
		07BAE7D12072BF9600BDA03E /* Frameworks */ = {
			isa = PBXFrameworksBuildPhase;
			buildActionMask = 2147483647;
			files = (
			);
			runOnlyForDeploymentPostprocessing = 0;
		};
		07BAE7DA2072BF9600BDA03E /* Frameworks */ = {
			isa = PBXFrameworksBuildPhase;
			buildActionMask = 2147483647;
			files = (
				07BAE7DE2072BF9600BDA03E /* repository.framework in Frameworks */,
			);
			runOnlyForDeploymentPostprocessing = 0;
		};
/* End PBXFrameworksBuildPhase section */

/* Begin PBXGroup section */
		075DA5E2207D17BE00199EFC /* Utils */ = {
			isa = PBXGroup;
			children = (
				075DA5EA207D2A5400199EFC /* Typealias.swift */,
				075DA60A207D678500199EFC /* CompletionInterfaces.swift */,
				075DA60C207D68B100199EFC /* Paths.swift */,
				07B6343A207EB61300DBB501 /* Formatter.swift */,
				516B17C5207FA12400B86965 /* ViewControllers+AlertMessage.swift */,
			);
			path = Utils;
			sourceTree = "<group>";
		};
		075DA5E5207D268800199EFC /* EntityModel */ = {
			isa = PBXGroup;
			children = (
				5B5824E42084DD63006399A1 /* AppointmentData.swift */,
				5B5824E52084DD63006399A1 /* CatalogData.swift */,
				075DA5FA207D623000199EFC /* User */,
			);
			path = EntityModel;
			sourceTree = "<group>";
		};
		075DA5E6207D271B00199EFC /* Domain */ = {
			isa = PBXGroup;
			children = (
				075DA5F9207D620600199EFC /* Model */,
				075DA5E7207D275300199EFC /* Interactors */,
				5176A057207F4F6400F3C81E /* RemoteBackEndConections.swift */,
				5176A059207F4FD000F3C81E /* BackEndURLConstants.swift */,
			);
			path = Domain;
			sourceTree = "<group>";
		};
		075DA5E7207D275300199EFC /* Interactors */ = {
			isa = PBXGroup;
			children = (
				5B5824E32084DCED006399A1 /* Appointments */,
				07B63446207EC12600DBB501 /* Users */,
			);
			path = Interactors;
			sourceTree = "<group>";
		};
		075DA5EE207D2C7500199EFC /* Repository */ = {
			isa = PBXGroup;
			children = (
				075DA5E5207D268800199EFC /* EntityModel */,
				075DA5FF207D655700199EFC /* Network */,
				075DA5F1207D2CB800199EFC /* RepositoryFakeInteractor.swift */,
				075DA5EF207D2CA500199EFC /* RepositoryInteractor.swift */,
				075DA5F3207D2CCF00199EFC /* RepositoryIntImpl.swift */,
			);
			path = Repository;
			sourceTree = "<group>";
		};
		075DA5F9207D620600199EFC /* Model */ = {
			isa = PBXGroup;
			children = (
				075DA5FD207D645D00199EFC /* User.swift */,
				5B5824DB2084DC9E006399A1 /* Appointment.swift */,
			);
			path = Model;
			sourceTree = "<group>";
		};
		075DA5FA207D623000199EFC /* User */ = {
			isa = PBXGroup;
			children = (
				075DA5FB207D624500199EFC /* UserData.swift */,
			);
			path = User;
			sourceTree = "<group>";
		};
		075DA5FF207D655700199EFC /* Network */ = {
			isa = PBXGroup;
			children = (
				075DA600207D656C00199EFC /* apifisioapp */,
			);
			path = Network;
			sourceTree = "<group>";
		};
		075DA600207D656C00199EFC /* apifisioapp */ = {
			isa = PBXGroup;
			children = (
				075DA601207D658B00199EFC /* apiv1 */,
			);
			path = apifisioapp;
			sourceTree = "<group>";
		};
		075DA601207D658B00199EFC /* apiv1 */ = {
			isa = PBXGroup;
			children = (
				5B5824E82084DD89006399A1 /* Appointments */,
				075DA602207D659A00199EFC /* User */,
			);
			path = apiv1;
			sourceTree = "<group>";
		};
		075DA602207D659A00199EFC /* User */ = {
			isa = PBXGroup;
			children = (
				07B6343D207EBD9400DBB501 /* AuthenticateUser */,
				075DA603207D65C900199EFC /* GetUser */,
				07B6343C207EBD8A00DBB501 /* RegisterUser */,
				519D19762089FD1A0049FB00 /* UpdateImageUser */,
				51666FB7208A6A0C0085D0D5 /* UpdateUser */,
			);
			path = User;
			sourceTree = "<group>";
		};
		075DA603207D65C900199EFC /* GetUser */ = {
			isa = PBXGroup;
			children = (
				075DA608207D660300199EFC /* GetUserFromBackendFakeInteractor.swift */,
				075DA604207D65DD00199EFC /* GetUserFromBackendInteractor.swift */,
				075DA606207D65E900199EFC /* GetUserFromBackendIntImpl.swift */,
			);
			path = GetUser;
			sourceTree = "<group>";
		};
		076E050D2072AAFB00554F97 = {
			isa = PBXGroup;
			children = (
				075DA5F7207D5F1600199EFC /* Podfile */,
				076E05182072AAFB00554F97 /* fisioapp */,
				076E052B2072AAFB00554F97 /* fisioappTests */,
				07BAE7B22072BEB500BDA03E /* domain */,
				07BAE7BF2072BEB500BDA03E /* domainTests */,
				07BAE7D62072BF9600BDA03E /* repository */,
				07BAE7E32072BF9600BDA03E /* repositoryTests */,
				076E05172072AAFB00554F97 /* Products */,
				F0A19A9F90239CA382B59EF8 /* Pods */,
				632DB832EEE9DD1879261B40 /* Frameworks */,
			);
			sourceTree = "<group>";
		};
		076E05172072AAFB00554F97 /* Products */ = {
			isa = PBXGroup;
			children = (
				076E05162072AAFB00554F97 /* fisioapp.app */,
				076E05282072AAFB00554F97 /* fisioappTests.xctest */,
				07BAE7B12072BEB500BDA03E /* domain.framework */,
				07BAE7B92072BEB500BDA03E /* domainTests.xctest */,
				07BAE7D52072BF9600BDA03E /* repository.framework */,
				07BAE7DD2072BF9600BDA03E /* repositoryTests.xctest */,
			);
			name = Products;
			sourceTree = "<group>";
		};
		076E05182072AAFB00554F97 /* fisioapp */ = {
			isa = PBXGroup;
			children = (
				076E05192072AAFB00554F97 /* AppDelegate.swift */,
				076E051E2072AAFB00554F97 /* Assets.xcassets */,
				076E05232072AAFB00554F97 /* Info.plist */,
				076E051B2072AAFB00554F97 /* fisioapp.xcdatamodeld */,
				51FA461B20769BC5005F317F /* DummyModel.swift */,
				5B5824D12084DAFA006399A1 /* AppointmentModel.swift */,
				51266D922076100A00CB3756 /* Controllers */,
				51266D9120760FF600CB3756 /* View */,
				075DA5E6207D271B00199EFC /* Domain */,
				075DA5EE207D2C7500199EFC /* Repository */,
				075DA5E2207D17BE00199EFC /* Utils */,
			);
			path = fisioapp;
			sourceTree = "<group>";
		};
		076E052B2072AAFB00554F97 /* fisioappTests */ = {
			isa = PBXGroup;
			children = (
				076E052C2072AAFB00554F97 /* fisioappTests.swift */,
				076E052E2072AAFB00554F97 /* Info.plist */,
			);
			path = fisioappTests;
			sourceTree = "<group>";
		};
		07B6343C207EBD8A00DBB501 /* RegisterUser */ = {
			isa = PBXGroup;
			children = (
				07B63442207EBDEB00DBB501 /* RegisterUserInBackendInteractor.swift */,
				07B63444207EBDFC00DBB501 /* RegisterUserInBackendIntImpl.swift */,
			);
			path = RegisterUser;
			sourceTree = "<group>";
		};
		07B6343D207EBD9400DBB501 /* AuthenticateUser */ = {
			isa = PBXGroup;
			children = (
				07B6343E207EBDC000DBB501 /* AuthenticateUserInBackendInteractor.swift */,
				07B63440207EBDD700DBB501 /* AuthenticateUserInBackendIntImpl.swift */,
			);
			path = AuthenticateUser;
			sourceTree = "<group>";
		};
		07B63446207EC12600DBB501 /* Users */ = {
			isa = PBXGroup;
			children = (
				07B63447207EC13A00DBB501 /* AuthenticateUser */,
				07B63449207EC16300DBB501 /* GetUser */,
				07B63448207EC15700DBB501 /* RegisterUser */,
				519D197B2089FF2E0049FB00 /* UpdateUserImage */,
				51666FB8208A6A280085D0D5 /* UpdateUser */,
			);
			path = Users;
			sourceTree = "<group>";
		};
		07B63447207EC13A00DBB501 /* AuthenticateUser */ = {
			isa = PBXGroup;
			children = (
				07B6344A207EC18200DBB501 /* AuthenticateUserInteractor.swift */,
				07B6344C207EC19E00DBB501 /* AuthenticateUserIntImpl.swift */,
			);
			path = AuthenticateUser;
			sourceTree = "<group>";
		};
		07B63448207EC15700DBB501 /* RegisterUser */ = {
			isa = PBXGroup;
			children = (
				07B63450207EC1ED00DBB501 /* RegisterUserInteractor.swift */,
				07B6344E207EC1CD00DBB501 /* RegisterUserIntImpl.swift */,
			);
			path = RegisterUser;
			sourceTree = "<group>";
		};
		07B63449207EC16300DBB501 /* GetUser */ = {
			isa = PBXGroup;
			children = (
				075DA5E8207D278500199EFC /* GetUserInteractor.swift */,
				075DA5EC207D2B4F00199EFC /* GetUserIntImpl.swift */,
			);
			path = GetUser;
			sourceTree = "<group>";
		};
		07BAE7B22072BEB500BDA03E /* domain */ = {
			isa = PBXGroup;
			children = (
				07BAE7B32072BEB500BDA03E /* domain.h */,
				07BAE7B42072BEB500BDA03E /* Info.plist */,
			);
			path = domain;
			sourceTree = "<group>";
		};
		07BAE7BF2072BEB500BDA03E /* domainTests */ = {
			isa = PBXGroup;
			children = (
				07BAE7C02072BEB500BDA03E /* domainTests.swift */,
				07BAE7C22072BEB500BDA03E /* Info.plist */,
			);
			path = domainTests;
			sourceTree = "<group>";
		};
		07BAE7D62072BF9600BDA03E /* repository */ = {
			isa = PBXGroup;
			children = (
				07BAE7D72072BF9600BDA03E /* repository.h */,
				07BAE7D82072BF9600BDA03E /* Info.plist */,
			);
			path = repository;
			sourceTree = "<group>";
		};
		07BAE7E32072BF9600BDA03E /* repositoryTests */ = {
			isa = PBXGroup;
			children = (
				07BAE7E42072BF9600BDA03E /* repositoryTests.swift */,
				07BAE7E62072BF9600BDA03E /* Info.plist */,
			);
			path = repositoryTests;
			sourceTree = "<group>";
		};
		51266D9120760FF600CB3756 /* View */ = {
			isa = PBXGroup;
			children = (
				513B29C52088F56C008D5394 /* UserPictureViewController.xib */,
				513B29BF2088E4E0008D5394 /* UserProfileViewController.xib */,
				5B5824D92084DB91006399A1 /* AppoitmentViewController.xib */,
				076E05202072AAFB00554F97 /* LaunchScreen.storyboard */,
				516474A0207609A900DCFA9B /* LoginAndRegisterController.xib */,
				51266D8E20760FD700CB3756 /* EditProfileViewController.xib */,
				51FA461420769AD4005F317F /* ProductsViewController.xib */,
				51266D8220760F8400CB3756 /* ProductViewController.xib */,
				51FA46262076A139005F317F /* AppoitmentsViewController.xib */,
				51FA462220769E07005F317F /* ServicesViewController.xib */,
				51266D8620760F9500CB3756 /* ServiceViewController.xib */,
				51FA462A2076A15E005F317F /* AppoitmentsViewCell.xib */,
				51FA461820769B24005F317F /* ProductsViewCell.xib */,
				51FA461E20769DB6005F317F /* ServicesViewCell.xib */,
			);
			path = View;
			sourceTree = "<group>";
		};
		51266D922076100A00CB3756 /* Controllers */ = {
			isa = PBXGroup;
			children = (
				5B5824D32084DB62006399A1 /* AppointmentsVCExtension.swift */,
				5B5824D42084DB62006399A1 /* AppoitmentsViewController.swift */,
				513B29BE2088E4E0008D5394 /* UserProfileViewController.swift */,
				513B29C42088F56C008D5394 /* UserPictureViewController.swift */,
				5B5824D52084DB62006399A1 /* AppoitmentViewController.swift */,
				5164749F207609A900DCFA9B /* LoginAndRegisterController.swift */,
				51FA461320769AD4005F317F /* ProductsViewController.swift */,
				51FA461720769B24005F317F /* ProductsViewCell.swift */,
				51FA462120769E07005F317F /* ServicesViewController.swift */,
				51266D8D20760FD700CB3756 /* EditProfileViewController.swift */,
				51266D8120760F8400CB3756 /* ProductViewController.swift */,
				51266D8520760F9500CB3756 /* ServiceViewController.swift */,
				51FA461D20769DB6005F317F /* ServicesViewCell.swift */,
				51FA46292076A15E005F317F /* AppoitmentsViewCell.swift */,
				075DA5E3207D1CCB00199EFC /* BlankViewController.swift */,
			);
			path = Controllers;
			sourceTree = "<group>";
		};
		51666FB7208A6A0C0085D0D5 /* UpdateUser */ = {
			isa = PBXGroup;
			children = (
				51666FB2208A66110085D0D5 /* RepositoryUserProfileInteractor.swift */,
				51666FB5208A66330085D0D5 /* RepositoryUserProfileImplementation.swift */,
			);
			path = UpdateUser;
			sourceTree = "<group>";
		};
		51666FB8208A6A280085D0D5 /* UpdateUser */ = {
			isa = PBXGroup;
			children = (
				51666FAE208A65840085D0D5 /* DomainUserProfileInteractor.swift */,
				51666FB0208A65BB0085D0D5 /* DomainUserProfileImplementation.swift */,
			);
			path = UpdateUser;
			sourceTree = "<group>";
		};
		519D19762089FD1A0049FB00 /* UpdateImageUser */ = {
			isa = PBXGroup;
			children = (
				519D19722089FCF70049FB00 /* RepositoryUserPictureInteractor.swift */,
				519D19742089FD060049FB00 /* RepositoryUserPictureInteractorImplementation.swift */,
			);
			path = UpdateImageUser;
			sourceTree = "<group>";
		};
		519D197B2089FF2E0049FB00 /* UpdateUserImage */ = {
			isa = PBXGroup;
			children = (
				519D19772089FF140049FB00 /* DomainUserPictureInteractor.swift */,
				519D19792089FF250049FB00 /* DomainUserPictureInteractorImplementation.swift */,
			);
			path = UpdateUserImage;
			sourceTree = "<group>";
		};
		5B5824E32084DCED006399A1 /* Appointments */ = {
			isa = PBXGroup;
			children = (
				5B5824E02084DCDD006399A1 /* GetAppointmentsForDateInteractor.swift */,
				5B5824DF2084DCDD006399A1 /* GetAppointmentsForDateIntImpl.swift */,
			);
			path = Appointments;
			sourceTree = "<group>";
		};
		5B5824E82084DD89006399A1 /* Appointments */ = {
			isa = PBXGroup;
			children = (
				5B5824E92084DD9B006399A1 /* GetAppointmentsForDateFromBackEndInteractor.swift */,
				5B5824EA2084DD9B006399A1 /* GetAppointmentsForDateFromBackEndIntImpl.swift */,
			);
			path = Appointments;
			sourceTree = "<group>";
		};
		632DB832EEE9DD1879261B40 /* Frameworks */ = {
			isa = PBXGroup;
			children = (
				C389A02E3AF1398B670269D4 /* Pods_fisioapp.framework */,
				91EFD823280835D0DF8D90AA /* Pods_fisioappTests.framework */,
			);
			name = Frameworks;
			sourceTree = "<group>";
		};
		F0A19A9F90239CA382B59EF8 /* Pods */ = {
			isa = PBXGroup;
			children = (
				E22BE32E203616465C02C00B /* Pods-fisioapp.debug.xcconfig */,
				1C5A2298EBD8218EC5968D97 /* Pods-fisioapp.release.xcconfig */,
				3E2EFB7C8A21C8FEA12FC4B5 /* Pods-fisioappTests.debug.xcconfig */,
				D3933672ADBDBF7E85AD2DF0 /* Pods-fisioappTests.release.xcconfig */,
			);
			name = Pods;
			sourceTree = "<group>";
		};
/* End PBXGroup section */

/* Begin PBXHeadersBuildPhase section */
		07BAE7AE2072BEB500BDA03E /* Headers */ = {
			isa = PBXHeadersBuildPhase;
			buildActionMask = 2147483647;
			files = (
				07BAE7C32072BEB500BDA03E /* domain.h in Headers */,
			);
			runOnlyForDeploymentPostprocessing = 0;
		};
		07BAE7D22072BF9600BDA03E /* Headers */ = {
			isa = PBXHeadersBuildPhase;
			buildActionMask = 2147483647;
			files = (
				07BAE7E72072BF9600BDA03E /* repository.h in Headers */,
			);
			runOnlyForDeploymentPostprocessing = 0;
		};
/* End PBXHeadersBuildPhase section */

/* Begin PBXNativeTarget section */
		076E05152072AAFB00554F97 /* fisioapp */ = {
			isa = PBXNativeTarget;
			buildConfigurationList = 076E05312072AAFB00554F97 /* Build configuration list for PBXNativeTarget "fisioapp" */;
			buildPhases = (
				5FDC6A9F58D6E719AA969ADE /* [CP] Check Pods Manifest.lock */,
				076E05122072AAFB00554F97 /* Sources */,
				076E05132072AAFB00554F97 /* Frameworks */,
				076E05142072AAFB00554F97 /* Resources */,
				07BAE7CD2072BEB500BDA03E /* Embed Frameworks */,
				805C01791F68469FDD7FA618 /* [CP] Embed Pods Frameworks */,
				6BE653C9B636A85489EC6CDE /* [CP] Copy Pods Resources */,
				51324B352085CA9F00E1F824 /* ShellScript */,
			);
			buildRules = (
			);
			dependencies = (
				07BAE7C52072BEB500BDA03E /* PBXTargetDependency */,
				07BAE7E92072BF9600BDA03E /* PBXTargetDependency */,
			);
			name = fisioapp;
			productName = fisioapp;
			productReference = 076E05162072AAFB00554F97 /* fisioapp.app */;
			productType = "com.apple.product-type.application";
		};
		076E05272072AAFB00554F97 /* fisioappTests */ = {
			isa = PBXNativeTarget;
			buildConfigurationList = 076E05342072AAFB00554F97 /* Build configuration list for PBXNativeTarget "fisioappTests" */;
			buildPhases = (
				09EE0301777B383FCA3F4FD7 /* [CP] Check Pods Manifest.lock */,
				076E05242072AAFB00554F97 /* Sources */,
				076E05252072AAFB00554F97 /* Frameworks */,
				076E05262072AAFB00554F97 /* Resources */,
				870B35772DE6F34AF023341D /* [CP] Embed Pods Frameworks */,
				B8232D784097C1F83F873843 /* [CP] Copy Pods Resources */,
			);
			buildRules = (
			);
			dependencies = (
				076E052A2072AAFB00554F97 /* PBXTargetDependency */,
			);
			name = fisioappTests;
			productName = fisioappTests;
			productReference = 076E05282072AAFB00554F97 /* fisioappTests.xctest */;
			productType = "com.apple.product-type.bundle.unit-test";
		};
		07BAE7B02072BEB500BDA03E /* domain */ = {
			isa = PBXNativeTarget;
			buildConfigurationList = 07BAE7CC2072BEB500BDA03E /* Build configuration list for PBXNativeTarget "domain" */;
			buildPhases = (
				07BAE7AC2072BEB500BDA03E /* Sources */,
				07BAE7AD2072BEB500BDA03E /* Frameworks */,
				07BAE7AE2072BEB500BDA03E /* Headers */,
				07BAE7AF2072BEB500BDA03E /* Resources */,
			);
			buildRules = (
			);
			dependencies = (
			);
			name = domain;
			productName = domain;
			productReference = 07BAE7B12072BEB500BDA03E /* domain.framework */;
			productType = "com.apple.product-type.framework";
		};
		07BAE7B82072BEB500BDA03E /* domainTests */ = {
			isa = PBXNativeTarget;
			buildConfigurationList = 07BAE7CE2072BEB500BDA03E /* Build configuration list for PBXNativeTarget "domainTests" */;
			buildPhases = (
				07BAE7B52072BEB500BDA03E /* Sources */,
				07BAE7B62072BEB500BDA03E /* Frameworks */,
				07BAE7B72072BEB500BDA03E /* Resources */,
			);
			buildRules = (
			);
			dependencies = (
				07BAE7BC2072BEB500BDA03E /* PBXTargetDependency */,
				07BAE7BE2072BEB500BDA03E /* PBXTargetDependency */,
			);
			name = domainTests;
			productName = domainTests;
			productReference = 07BAE7B92072BEB500BDA03E /* domainTests.xctest */;
			productType = "com.apple.product-type.bundle.unit-test";
		};
		07BAE7D42072BF9600BDA03E /* repository */ = {
			isa = PBXNativeTarget;
			buildConfigurationList = 07BAE7EC2072BF9600BDA03E /* Build configuration list for PBXNativeTarget "repository" */;
			buildPhases = (
				07BAE7D02072BF9600BDA03E /* Sources */,
				07BAE7D12072BF9600BDA03E /* Frameworks */,
				07BAE7D22072BF9600BDA03E /* Headers */,
				07BAE7D32072BF9600BDA03E /* Resources */,
			);
			buildRules = (
			);
			dependencies = (
			);
			name = repository;
			productName = repository;
			productReference = 07BAE7D52072BF9600BDA03E /* repository.framework */;
			productType = "com.apple.product-type.framework";
		};
		07BAE7DC2072BF9600BDA03E /* repositoryTests */ = {
			isa = PBXNativeTarget;
			buildConfigurationList = 07BAE7EF2072BF9600BDA03E /* Build configuration list for PBXNativeTarget "repositoryTests" */;
			buildPhases = (
				07BAE7D92072BF9600BDA03E /* Sources */,
				07BAE7DA2072BF9600BDA03E /* Frameworks */,
				07BAE7DB2072BF9600BDA03E /* Resources */,
			);
			buildRules = (
			);
			dependencies = (
				07BAE7E02072BF9600BDA03E /* PBXTargetDependency */,
				07BAE7E22072BF9600BDA03E /* PBXTargetDependency */,
			);
			name = repositoryTests;
			productName = repositoryTests;
			productReference = 07BAE7DD2072BF9600BDA03E /* repositoryTests.xctest */;
			productType = "com.apple.product-type.bundle.unit-test";
		};
/* End PBXNativeTarget section */

/* Begin PBXProject section */
		076E050E2072AAFB00554F97 /* Project object */ = {
			isa = PBXProject;
			attributes = {
				LastSwiftUpdateCheck = 0920;
				LastUpgradeCheck = 0930;
				ORGANIZATIONNAME = ProjectX;
				TargetAttributes = {
					076E05152072AAFB00554F97 = {
						CreatedOnToolsVersion = 9.2;
						ProvisioningStyle = Automatic;
					};
					076E05272072AAFB00554F97 = {
						CreatedOnToolsVersion = 9.2;
						ProvisioningStyle = Automatic;
						TestTargetID = 076E05152072AAFB00554F97;
					};
					07BAE7B02072BEB500BDA03E = {
						CreatedOnToolsVersion = 9.2;
						ProvisioningStyle = Automatic;
					};
					07BAE7B82072BEB500BDA03E = {
						CreatedOnToolsVersion = 9.2;
						ProvisioningStyle = Automatic;
						TestTargetID = 076E05152072AAFB00554F97;
					};
					07BAE7D42072BF9600BDA03E = {
						CreatedOnToolsVersion = 9.2;
						ProvisioningStyle = Automatic;
					};
					07BAE7DC2072BF9600BDA03E = {
						CreatedOnToolsVersion = 9.2;
						ProvisioningStyle = Automatic;
						TestTargetID = 076E05152072AAFB00554F97;
					};
				};
			};
			buildConfigurationList = 076E05112072AAFB00554F97 /* Build configuration list for PBXProject "fisioapp" */;
			compatibilityVersion = "Xcode 8.0";
			developmentRegion = en;
			hasScannedForEncodings = 0;
			knownRegions = (
				en,
				Base,
			);
			mainGroup = 076E050D2072AAFB00554F97;
			productRefGroup = 076E05172072AAFB00554F97 /* Products */;
			projectDirPath = "";
			projectRoot = "";
			targets = (
				076E05152072AAFB00554F97 /* fisioapp */,
				076E05272072AAFB00554F97 /* fisioappTests */,
				07BAE7B02072BEB500BDA03E /* domain */,
				07BAE7B82072BEB500BDA03E /* domainTests */,
				07BAE7D42072BF9600BDA03E /* repository */,
				07BAE7DC2072BF9600BDA03E /* repositoryTests */,
			);
		};
/* End PBXProject section */

/* Begin PBXResourcesBuildPhase section */
		076E05142072AAFB00554F97 /* Resources */ = {
			isa = PBXResourcesBuildPhase;
			buildActionMask = 2147483647;
			files = (
				513B29C12088E4E0008D5394 /* UserProfileViewController.xib in Resources */,
				51266D9020760FD700CB3756 /* EditProfileViewController.xib in Resources */,
				51FA462020769DB6005F317F /* ServicesViewCell.xib in Resources */,
				51266D8820760F9500CB3756 /* ServiceViewController.xib in Resources */,
				5B5824DA2084DB91006399A1 /* AppoitmentViewController.xib in Resources */,
				51FA461620769AD4005F317F /* ProductsViewController.xib in Resources */,
				51266D8420760F8400CB3756 /* ProductViewController.xib in Resources */,
				076E051F2072AAFB00554F97 /* Assets.xcassets in Resources */,
				513B29C72088F56C008D5394 /* UserPictureViewController.xib in Resources */,
				51FA462420769E07005F317F /* ServicesViewController.xib in Resources */,
				51FA462C2076A15E005F317F /* AppoitmentsViewCell.xib in Resources */,
				516474A2207609A900DCFA9B /* LoginAndRegisterController.xib in Resources */,
				51FA46282076A139005F317F /* AppoitmentsViewController.xib in Resources */,
				51FA461A20769B24005F317F /* ProductsViewCell.xib in Resources */,
				075DA5F8207D5F1600199EFC /* Podfile in Resources */,
				076E05222072AAFB00554F97 /* LaunchScreen.storyboard in Resources */,
			);
			runOnlyForDeploymentPostprocessing = 0;
		};
		076E05262072AAFB00554F97 /* Resources */ = {
			isa = PBXResourcesBuildPhase;
			buildActionMask = 2147483647;
			files = (
			);
			runOnlyForDeploymentPostprocessing = 0;
		};
		07BAE7AF2072BEB500BDA03E /* Resources */ = {
			isa = PBXResourcesBuildPhase;
			buildActionMask = 2147483647;
			files = (
			);
			runOnlyForDeploymentPostprocessing = 0;
		};
		07BAE7B72072BEB500BDA03E /* Resources */ = {
			isa = PBXResourcesBuildPhase;
			buildActionMask = 2147483647;
			files = (
			);
			runOnlyForDeploymentPostprocessing = 0;
		};
		07BAE7D32072BF9600BDA03E /* Resources */ = {
			isa = PBXResourcesBuildPhase;
			buildActionMask = 2147483647;
			files = (
			);
			runOnlyForDeploymentPostprocessing = 0;
		};
		07BAE7DB2072BF9600BDA03E /* Resources */ = {
			isa = PBXResourcesBuildPhase;
			buildActionMask = 2147483647;
			files = (
			);
			runOnlyForDeploymentPostprocessing = 0;
		};
/* End PBXResourcesBuildPhase section */

/* Begin PBXShellScriptBuildPhase section */
		09EE0301777B383FCA3F4FD7 /* [CP] Check Pods Manifest.lock */ = {
			isa = PBXShellScriptBuildPhase;
			buildActionMask = 2147483647;
			files = (
			);
			inputPaths = (
				"${PODS_PODFILE_DIR_PATH}/Podfile.lock",
				"${PODS_ROOT}/Manifest.lock",
			);
			name = "[CP] Check Pods Manifest.lock";
			outputPaths = (
				"$(DERIVED_FILE_DIR)/Pods-fisioappTests-checkManifestLockResult.txt",
			);
			runOnlyForDeploymentPostprocessing = 0;
			shellPath = /bin/sh;
			shellScript = "diff \"${PODS_PODFILE_DIR_PATH}/Podfile.lock\" \"${PODS_ROOT}/Manifest.lock\" > /dev/null\nif [ $? != 0 ] ; then\n    # print error to STDERR\n    echo \"error: The sandbox is not in sync with the Podfile.lock. Run 'pod install' or update your CocoaPods installation.\" >&2\n    exit 1\nfi\n# This output is used by Xcode 'outputs' to avoid re-running this script phase.\necho \"SUCCESS\" > \"${SCRIPT_OUTPUT_FILE_0}\"\n";
			showEnvVarsInLog = 0;
		};
		51324B352085CA9F00E1F824 /* ShellScript */ = {
			isa = PBXShellScriptBuildPhase;
			buildActionMask = 12;
			files = (
			);
			inputPaths = (
			);
			outputPaths = (
			);
			runOnlyForDeploymentPostprocessing = 0;
			shellPath = /bin/sh;
			shellScript = "TAGS=\"TODO:|FIXME:|WARNING:\"\nERRORTAG=\"ERROR:\"\nfind \"${SRCROOT}\" \\( -name \"*.h\" -or -name \"*.m\" -or -name \"*.swift\" \\) -print0 | xargs -0 egrep --with-filename --line-number --only-matching \"($TAGS).*\\$|($ERRORTAG).*\\$\" | perl -p -e \"s/($TAGS)/ warning: \\$1/\"| perl -p -e \"s/($ERRORTAG)/ error: \\$1/\"";
		};
		5FDC6A9F58D6E719AA969ADE /* [CP] Check Pods Manifest.lock */ = {
			isa = PBXShellScriptBuildPhase;
			buildActionMask = 2147483647;
			files = (
			);
			inputPaths = (
				"${PODS_PODFILE_DIR_PATH}/Podfile.lock",
				"${PODS_ROOT}/Manifest.lock",
			);
			name = "[CP] Check Pods Manifest.lock";
			outputPaths = (
				"$(DERIVED_FILE_DIR)/Pods-fisioapp-checkManifestLockResult.txt",
			);
			runOnlyForDeploymentPostprocessing = 0;
			shellPath = /bin/sh;
			shellScript = "diff \"${PODS_PODFILE_DIR_PATH}/Podfile.lock\" \"${PODS_ROOT}/Manifest.lock\" > /dev/null\nif [ $? != 0 ] ; then\n    # print error to STDERR\n    echo \"error: The sandbox is not in sync with the Podfile.lock. Run 'pod install' or update your CocoaPods installation.\" >&2\n    exit 1\nfi\n# This output is used by Xcode 'outputs' to avoid re-running this script phase.\necho \"SUCCESS\" > \"${SCRIPT_OUTPUT_FILE_0}\"\n";
			showEnvVarsInLog = 0;
		};
		6BE653C9B636A85489EC6CDE /* [CP] Copy Pods Resources */ = {
			isa = PBXShellScriptBuildPhase;
			buildActionMask = 2147483647;
			files = (
			);
			inputPaths = (
			);
			name = "[CP] Copy Pods Resources";
			outputPaths = (
			);
			runOnlyForDeploymentPostprocessing = 0;
			shellPath = /bin/sh;
			shellScript = "\"${SRCROOT}/Pods/Target Support Files/Pods-fisioapp/Pods-fisioapp-resources.sh\"\n";
			showEnvVarsInLog = 0;
		};
		805C01791F68469FDD7FA618 /* [CP] Embed Pods Frameworks */ = {
			isa = PBXShellScriptBuildPhase;
			buildActionMask = 2147483647;
			files = (
			);
			inputPaths = (
				"${SRCROOT}/Pods/Target Support Files/Pods-fisioapp/Pods-fisioapp-frameworks.sh",
				"${BUILT_PRODUCTS_DIR}/Alamofire/Alamofire.framework",
				"${BUILT_PRODUCTS_DIR}/SwiftyJSON/SwiftyJSON.framework",
			);
			name = "[CP] Embed Pods Frameworks";
			outputPaths = (
				"${TARGET_BUILD_DIR}/${FRAMEWORKS_FOLDER_PATH}/Alamofire.framework",
				"${TARGET_BUILD_DIR}/${FRAMEWORKS_FOLDER_PATH}/SwiftyJSON.framework",
			);
			runOnlyForDeploymentPostprocessing = 0;
			shellPath = /bin/sh;
			shellScript = "\"${SRCROOT}/Pods/Target Support Files/Pods-fisioapp/Pods-fisioapp-frameworks.sh\"\n";
			showEnvVarsInLog = 0;
		};
		870B35772DE6F34AF023341D /* [CP] Embed Pods Frameworks */ = {
			isa = PBXShellScriptBuildPhase;
			buildActionMask = 2147483647;
			files = (
			);
			inputPaths = (
			);
			name = "[CP] Embed Pods Frameworks";
			outputPaths = (
			);
			runOnlyForDeploymentPostprocessing = 0;
			shellPath = /bin/sh;
			shellScript = "\"${SRCROOT}/Pods/Target Support Files/Pods-fisioappTests/Pods-fisioappTests-frameworks.sh\"\n";
			showEnvVarsInLog = 0;
		};
		B8232D784097C1F83F873843 /* [CP] Copy Pods Resources */ = {
			isa = PBXShellScriptBuildPhase;
			buildActionMask = 2147483647;
			files = (
			);
			inputPaths = (
			);
			name = "[CP] Copy Pods Resources";
			outputPaths = (
			);
			runOnlyForDeploymentPostprocessing = 0;
			shellPath = /bin/sh;
			shellScript = "\"${SRCROOT}/Pods/Target Support Files/Pods-fisioappTests/Pods-fisioappTests-resources.sh\"\n";
			showEnvVarsInLog = 0;
		};
/* End PBXShellScriptBuildPhase section */

/* Begin PBXSourcesBuildPhase section */
		076E05122072AAFB00554F97 /* Sources */ = {
			isa = PBXSourcesBuildPhase;
			buildActionMask = 2147483647;
			files = (
				075DA607207D65E900199EFC /* GetUserFromBackendIntImpl.swift in Sources */,
				513B29C02088E4E0008D5394 /* UserProfileViewController.swift in Sources */,
				513B29C62088F56C008D5394 /* UserPictureViewController.swift in Sources */,
				519D19732089FCF70049FB00 /* RepositoryUserPictureInteractor.swift in Sources */,
				51FA461920769B24005F317F /* ProductsViewCell.swift in Sources */,
				51666FAF208A65840085D0D5 /* DomainUserProfileInteractor.swift in Sources */,
				516474A1207609A900DCFA9B /* LoginAndRegisterController.swift in Sources */,
				5B5824E62084DD63006399A1 /* AppointmentData.swift in Sources */,
				51266D8320760F8400CB3756 /* ProductViewController.swift in Sources */,
				076E051D2072AAFB00554F97 /* fisioapp.xcdatamodeld in Sources */,
				075DA609207D660300199EFC /* GetUserFromBackendFakeInteractor.swift in Sources */,
				075DA605207D65DD00199EFC /* GetUserFromBackendInteractor.swift in Sources */,
				51FA461C20769BC5005F317F /* DummyModel.swift in Sources */,
				07B6344D207EC19E00DBB501 /* AuthenticateUserIntImpl.swift in Sources */,
				519D197A2089FF250049FB00 /* DomainUserPictureInteractorImplementation.swift in Sources */,
				519D19782089FF140049FB00 /* DomainUserPictureInteractor.swift in Sources */,
				51266D8720760F9500CB3756 /* ServiceViewController.swift in Sources */,
				07B63451207EC1ED00DBB501 /* RegisterUserInteractor.swift in Sources */,
				51666FB6208A66330085D0D5 /* RepositoryUserProfileImplementation.swift in Sources */,
				075DA5F4207D2CCF00199EFC /* RepositoryIntImpl.swift in Sources */,
				07B6343B207EB61300DBB501 /* Formatter.swift in Sources */,
				07B63441207EBDD700DBB501 /* AuthenticateUserInBackendIntImpl.swift in Sources */,
				07B6343F207EBDC000DBB501 /* AuthenticateUserInBackendInteractor.swift in Sources */,
				07B6344B207EC18200DBB501 /* AuthenticateUserInteractor.swift in Sources */,
				5B5824EC2084DD9B006399A1 /* GetAppointmentsForDateFromBackEndIntImpl.swift in Sources */,
				5B5824D62084DB62006399A1 /* AppointmentsVCExtension.swift in Sources */,
				075DA5F0207D2CA500199EFC /* RepositoryInteractor.swift in Sources */,
				519D19752089FD060049FB00 /* RepositoryUserPictureInteractorImplementation.swift in Sources */,
				075DA5E9207D278500199EFC /* GetUserInteractor.swift in Sources */,
				51FA462320769E07005F317F /* ServicesViewController.swift in Sources */,
				07B63445207EBDFC00DBB501 /* RegisterUserInBackendIntImpl.swift in Sources */,
				075DA60D207D68B100199EFC /* Paths.swift in Sources */,
				075DA5ED207D2B4F00199EFC /* GetUserIntImpl.swift in Sources */,
				075DA60B207D678500199EFC /* CompletionInterfaces.swift in Sources */,
				51FA461F20769DB6005F317F /* ServicesViewCell.swift in Sources */,
				5B5824D82084DB62006399A1 /* AppoitmentViewController.swift in Sources */,
				5B5824E12084DCDD006399A1 /* GetAppointmentsForDateIntImpl.swift in Sources */,
				07B63443207EBDEB00DBB501 /* RegisterUserInBackendInteractor.swift in Sources */,
				075DA5E4207D1CCB00199EFC /* BlankViewController.swift in Sources */,
				51666FB1208A65BB0085D0D5 /* DomainUserProfileImplementation.swift in Sources */,
				5B5824D72084DB62006399A1 /* AppoitmentsViewController.swift in Sources */,
				51FA461520769AD4005F317F /* ProductsViewController.swift in Sources */,
				075DA5FC207D624500199EFC /* UserData.swift in Sources */,
				5B5824DC2084DC9E006399A1 /* Appointment.swift in Sources */,
				07B6344F207EC1CD00DBB501 /* RegisterUserIntImpl.swift in Sources */,
				075DA5EB207D2A5400199EFC /* Typealias.swift in Sources */,
				51266D8F20760FD700CB3756 /* EditProfileViewController.swift in Sources */,
				5176A058207F4F6400F3C81E /* RemoteBackEndConections.swift in Sources */,
				076E051A2072AAFB00554F97 /* AppDelegate.swift in Sources */,
				516B17C6207FA12400B86965 /* ViewControllers+AlertMessage.swift in Sources */,
				5176A05A207F4FD000F3C81E /* BackEndURLConstants.swift in Sources */,
				5B5824D22084DAFA006399A1 /* AppointmentModel.swift in Sources */,
				5B5824EB2084DD9B006399A1 /* GetAppointmentsForDateFromBackEndInteractor.swift in Sources */,
				51FA462B2076A15E005F317F /* AppoitmentsViewCell.swift in Sources */,
				075DA5F2207D2CB800199EFC /* RepositoryFakeInteractor.swift in Sources */,
				075DA5FE207D645D00199EFC /* User.swift in Sources */,
				51666FB3208A66110085D0D5 /* RepositoryUserProfileInteractor.swift in Sources */,
				5B5824E72084DD63006399A1 /* CatalogData.swift in Sources */,
				5B5824E22084DCDD006399A1 /* GetAppointmentsForDateInteractor.swift in Sources */,
			);
			runOnlyForDeploymentPostprocessing = 0;
		};
		076E05242072AAFB00554F97 /* Sources */ = {
			isa = PBXSourcesBuildPhase;
			buildActionMask = 2147483647;
			files = (
				076E052D2072AAFB00554F97 /* fisioappTests.swift in Sources */,
			);
			runOnlyForDeploymentPostprocessing = 0;
		};
		07BAE7AC2072BEB500BDA03E /* Sources */ = {
			isa = PBXSourcesBuildPhase;
			buildActionMask = 2147483647;
			files = (
			);
			runOnlyForDeploymentPostprocessing = 0;
		};
		07BAE7B52072BEB500BDA03E /* Sources */ = {
			isa = PBXSourcesBuildPhase;
			buildActionMask = 2147483647;
			files = (
				07BAE7C12072BEB500BDA03E /* domainTests.swift in Sources */,
			);
			runOnlyForDeploymentPostprocessing = 0;
		};
		07BAE7D02072BF9600BDA03E /* Sources */ = {
			isa = PBXSourcesBuildPhase;
			buildActionMask = 2147483647;
			files = (
			);
			runOnlyForDeploymentPostprocessing = 0;
		};
		07BAE7D92072BF9600BDA03E /* Sources */ = {
			isa = PBXSourcesBuildPhase;
			buildActionMask = 2147483647;
			files = (
				07BAE7E52072BF9600BDA03E /* repositoryTests.swift in Sources */,
			);
			runOnlyForDeploymentPostprocessing = 0;
		};
/* End PBXSourcesBuildPhase section */

/* Begin PBXTargetDependency section */
		076E052A2072AAFB00554F97 /* PBXTargetDependency */ = {
			isa = PBXTargetDependency;
			target = 076E05152072AAFB00554F97 /* fisioapp */;
			targetProxy = 076E05292072AAFB00554F97 /* PBXContainerItemProxy */;
		};
		07BAE7BC2072BEB500BDA03E /* PBXTargetDependency */ = {
			isa = PBXTargetDependency;
			target = 07BAE7B02072BEB500BDA03E /* domain */;
			targetProxy = 07BAE7BB2072BEB500BDA03E /* PBXContainerItemProxy */;
		};
		07BAE7BE2072BEB500BDA03E /* PBXTargetDependency */ = {
			isa = PBXTargetDependency;
			target = 076E05152072AAFB00554F97 /* fisioapp */;
			targetProxy = 07BAE7BD2072BEB500BDA03E /* PBXContainerItemProxy */;
		};
		07BAE7C52072BEB500BDA03E /* PBXTargetDependency */ = {
			isa = PBXTargetDependency;
			target = 07BAE7B02072BEB500BDA03E /* domain */;
			targetProxy = 07BAE7C42072BEB500BDA03E /* PBXContainerItemProxy */;
		};
		07BAE7E02072BF9600BDA03E /* PBXTargetDependency */ = {
			isa = PBXTargetDependency;
			target = 07BAE7D42072BF9600BDA03E /* repository */;
			targetProxy = 07BAE7DF2072BF9600BDA03E /* PBXContainerItemProxy */;
		};
		07BAE7E22072BF9600BDA03E /* PBXTargetDependency */ = {
			isa = PBXTargetDependency;
			target = 076E05152072AAFB00554F97 /* fisioapp */;
			targetProxy = 07BAE7E12072BF9600BDA03E /* PBXContainerItemProxy */;
		};
		07BAE7E92072BF9600BDA03E /* PBXTargetDependency */ = {
			isa = PBXTargetDependency;
			target = 07BAE7D42072BF9600BDA03E /* repository */;
			targetProxy = 07BAE7E82072BF9600BDA03E /* PBXContainerItemProxy */;
		};
/* End PBXTargetDependency section */

/* Begin PBXVariantGroup section */
		076E05202072AAFB00554F97 /* LaunchScreen.storyboard */ = {
			isa = PBXVariantGroup;
			children = (
				076E05212072AAFB00554F97 /* Base */,
			);
			name = LaunchScreen.storyboard;
			sourceTree = "<group>";
		};
/* End PBXVariantGroup section */

/* Begin XCBuildConfiguration section */
		076E052F2072AAFB00554F97 /* Debug */ = {
			isa = XCBuildConfiguration;
			buildSettings = {
				ALWAYS_SEARCH_USER_PATHS = NO;
				CLANG_ANALYZER_NONNULL = YES;
				CLANG_ANALYZER_NUMBER_OBJECT_CONVERSION = YES_AGGRESSIVE;
				CLANG_CXX_LANGUAGE_STANDARD = "gnu++14";
				CLANG_CXX_LIBRARY = "libc++";
				CLANG_ENABLE_MODULES = YES;
				CLANG_ENABLE_OBJC_ARC = YES;
				CLANG_WARN_BLOCK_CAPTURE_AUTORELEASING = YES;
				CLANG_WARN_BOOL_CONVERSION = YES;
				CLANG_WARN_COMMA = YES;
				CLANG_WARN_CONSTANT_CONVERSION = YES;
				CLANG_WARN_DEPRECATED_OBJC_IMPLEMENTATIONS = YES;
				CLANG_WARN_DIRECT_OBJC_ISA_USAGE = YES_ERROR;
				CLANG_WARN_DOCUMENTATION_COMMENTS = YES;
				CLANG_WARN_EMPTY_BODY = YES;
				CLANG_WARN_ENUM_CONVERSION = YES;
				CLANG_WARN_INFINITE_RECURSION = YES;
				CLANG_WARN_INT_CONVERSION = YES;
				CLANG_WARN_NON_LITERAL_NULL_CONVERSION = YES;
				CLANG_WARN_OBJC_IMPLICIT_RETAIN_SELF = YES;
				CLANG_WARN_OBJC_LITERAL_CONVERSION = YES;
				CLANG_WARN_OBJC_ROOT_CLASS = YES_ERROR;
				CLANG_WARN_RANGE_LOOP_ANALYSIS = YES;
				CLANG_WARN_STRICT_PROTOTYPES = YES;
				CLANG_WARN_SUSPICIOUS_MOVE = YES;
				CLANG_WARN_UNGUARDED_AVAILABILITY = YES_AGGRESSIVE;
				CLANG_WARN_UNREACHABLE_CODE = YES;
				CLANG_WARN__DUPLICATE_METHOD_MATCH = YES;
				CODE_SIGN_IDENTITY = "iPhone Developer";
				COPY_PHASE_STRIP = NO;
				DEBUG_INFORMATION_FORMAT = dwarf;
				ENABLE_STRICT_OBJC_MSGSEND = YES;
				ENABLE_TESTABILITY = YES;
				GCC_C_LANGUAGE_STANDARD = gnu11;
				GCC_DYNAMIC_NO_PIC = NO;
				GCC_NO_COMMON_BLOCKS = YES;
				GCC_OPTIMIZATION_LEVEL = 0;
				GCC_PREPROCESSOR_DEFINITIONS = (
					"DEBUG=1",
					"$(inherited)",
				);
				GCC_WARN_64_TO_32_BIT_CONVERSION = YES;
				GCC_WARN_ABOUT_RETURN_TYPE = YES_ERROR;
				GCC_WARN_UNDECLARED_SELECTOR = YES;
				GCC_WARN_UNINITIALIZED_AUTOS = YES_AGGRESSIVE;
				GCC_WARN_UNUSED_FUNCTION = YES;
				GCC_WARN_UNUSED_VARIABLE = YES;
				IPHONEOS_DEPLOYMENT_TARGET = 11.0;
				MTL_ENABLE_DEBUG_INFO = YES;
				ONLY_ACTIVE_ARCH = YES;
				SDKROOT = iphoneos;
				SWIFT_ACTIVE_COMPILATION_CONDITIONS = DEBUG;
				SWIFT_OPTIMIZATION_LEVEL = "-Onone";
			};
			name = Debug;
		};
		076E05302072AAFB00554F97 /* Release */ = {
			isa = XCBuildConfiguration;
			buildSettings = {
				ALWAYS_SEARCH_USER_PATHS = NO;
				CLANG_ANALYZER_NONNULL = YES;
				CLANG_ANALYZER_NUMBER_OBJECT_CONVERSION = YES_AGGRESSIVE;
				CLANG_CXX_LANGUAGE_STANDARD = "gnu++14";
				CLANG_CXX_LIBRARY = "libc++";
				CLANG_ENABLE_MODULES = YES;
				CLANG_ENABLE_OBJC_ARC = YES;
				CLANG_WARN_BLOCK_CAPTURE_AUTORELEASING = YES;
				CLANG_WARN_BOOL_CONVERSION = YES;
				CLANG_WARN_COMMA = YES;
				CLANG_WARN_CONSTANT_CONVERSION = YES;
				CLANG_WARN_DEPRECATED_OBJC_IMPLEMENTATIONS = YES;
				CLANG_WARN_DIRECT_OBJC_ISA_USAGE = YES_ERROR;
				CLANG_WARN_DOCUMENTATION_COMMENTS = YES;
				CLANG_WARN_EMPTY_BODY = YES;
				CLANG_WARN_ENUM_CONVERSION = YES;
				CLANG_WARN_INFINITE_RECURSION = YES;
				CLANG_WARN_INT_CONVERSION = YES;
				CLANG_WARN_NON_LITERAL_NULL_CONVERSION = YES;
				CLANG_WARN_OBJC_IMPLICIT_RETAIN_SELF = YES;
				CLANG_WARN_OBJC_LITERAL_CONVERSION = YES;
				CLANG_WARN_OBJC_ROOT_CLASS = YES_ERROR;
				CLANG_WARN_RANGE_LOOP_ANALYSIS = YES;
				CLANG_WARN_STRICT_PROTOTYPES = YES;
				CLANG_WARN_SUSPICIOUS_MOVE = YES;
				CLANG_WARN_UNGUARDED_AVAILABILITY = YES_AGGRESSIVE;
				CLANG_WARN_UNREACHABLE_CODE = YES;
				CLANG_WARN__DUPLICATE_METHOD_MATCH = YES;
				CODE_SIGN_IDENTITY = "iPhone Developer";
				COPY_PHASE_STRIP = NO;
				DEBUG_INFORMATION_FORMAT = "dwarf-with-dsym";
				ENABLE_NS_ASSERTIONS = NO;
				ENABLE_STRICT_OBJC_MSGSEND = YES;
				GCC_C_LANGUAGE_STANDARD = gnu11;
				GCC_NO_COMMON_BLOCKS = YES;
				GCC_WARN_64_TO_32_BIT_CONVERSION = YES;
				GCC_WARN_ABOUT_RETURN_TYPE = YES_ERROR;
				GCC_WARN_UNDECLARED_SELECTOR = YES;
				GCC_WARN_UNINITIALIZED_AUTOS = YES_AGGRESSIVE;
				GCC_WARN_UNUSED_FUNCTION = YES;
				GCC_WARN_UNUSED_VARIABLE = YES;
				IPHONEOS_DEPLOYMENT_TARGET = 11.0;
				MTL_ENABLE_DEBUG_INFO = NO;
				SDKROOT = iphoneos;
				SWIFT_OPTIMIZATION_LEVEL = "-Owholemodule";
				VALIDATE_PRODUCT = YES;
			};
			name = Release;
		};
		076E05322072AAFB00554F97 /* Debug */ = {
			isa = XCBuildConfiguration;
			baseConfigurationReference = E22BE32E203616465C02C00B /* Pods-fisioapp.debug.xcconfig */;
			buildSettings = {
				ASSETCATALOG_COMPILER_APPICON_NAME = AppIcon;
				CODE_SIGN_STYLE = Automatic;
				INFOPLIST_FILE = fisioapp/Info.plist;
				LD_RUNPATH_SEARCH_PATHS = "$(inherited) @executable_path/Frameworks";
				PRODUCT_BUNDLE_IDENTIFIER = com.projectx.fisioapp;
				PRODUCT_NAME = "$(TARGET_NAME)";
				SWIFT_VERSION = 4.0;
				TARGETED_DEVICE_FAMILY = "1,2";
			};
			name = Debug;
		};
		076E05332072AAFB00554F97 /* Release */ = {
			isa = XCBuildConfiguration;
			baseConfigurationReference = 1C5A2298EBD8218EC5968D97 /* Pods-fisioapp.release.xcconfig */;
			buildSettings = {
				ASSETCATALOG_COMPILER_APPICON_NAME = AppIcon;
				CODE_SIGN_STYLE = Automatic;
				INFOPLIST_FILE = fisioapp/Info.plist;
				LD_RUNPATH_SEARCH_PATHS = "$(inherited) @executable_path/Frameworks";
				PRODUCT_BUNDLE_IDENTIFIER = com.projectx.fisioapp;
				PRODUCT_NAME = "$(TARGET_NAME)";
				SWIFT_VERSION = 4.0;
				TARGETED_DEVICE_FAMILY = "1,2";
			};
			name = Release;
		};
		076E05352072AAFB00554F97 /* Debug */ = {
			isa = XCBuildConfiguration;
			baseConfigurationReference = 3E2EFB7C8A21C8FEA12FC4B5 /* Pods-fisioappTests.debug.xcconfig */;
			buildSettings = {
				ALWAYS_EMBED_SWIFT_STANDARD_LIBRARIES = YES;
				BUNDLE_LOADER = "$(TEST_HOST)";
				CODE_SIGN_STYLE = Automatic;
				INFOPLIST_FILE = fisioappTests/Info.plist;
				LD_RUNPATH_SEARCH_PATHS = "$(inherited) @executable_path/Frameworks @loader_path/Frameworks";
				PRODUCT_BUNDLE_IDENTIFIER = com.projectx.fisioappTests;
				PRODUCT_NAME = "$(TARGET_NAME)";
				SWIFT_VERSION = 4.0;
				TARGETED_DEVICE_FAMILY = "1,2";
				TEST_HOST = "$(BUILT_PRODUCTS_DIR)/fisioapp.app/fisioapp";
			};
			name = Debug;
		};
		076E05362072AAFB00554F97 /* Release */ = {
			isa = XCBuildConfiguration;
			baseConfigurationReference = D3933672ADBDBF7E85AD2DF0 /* Pods-fisioappTests.release.xcconfig */;
			buildSettings = {
				ALWAYS_EMBED_SWIFT_STANDARD_LIBRARIES = YES;
				BUNDLE_LOADER = "$(TEST_HOST)";
				CODE_SIGN_STYLE = Automatic;
				INFOPLIST_FILE = fisioappTests/Info.plist;
				LD_RUNPATH_SEARCH_PATHS = "$(inherited) @executable_path/Frameworks @loader_path/Frameworks";
				PRODUCT_BUNDLE_IDENTIFIER = com.projectx.fisioappTests;
				PRODUCT_NAME = "$(TARGET_NAME)";
				SWIFT_VERSION = 4.0;
				TARGETED_DEVICE_FAMILY = "1,2";
				TEST_HOST = "$(BUILT_PRODUCTS_DIR)/fisioapp.app/fisioapp";
			};
			name = Release;
		};
		07BAE7C82072BEB500BDA03E /* Debug */ = {
			isa = XCBuildConfiguration;
			buildSettings = {
				CODE_SIGN_IDENTITY = "";
				CODE_SIGN_STYLE = Automatic;
				CURRENT_PROJECT_VERSION = 1;
				DEFINES_MODULE = YES;
				DYLIB_COMPATIBILITY_VERSION = 1;
				DYLIB_CURRENT_VERSION = 1;
				DYLIB_INSTALL_NAME_BASE = "@rpath";
				INFOPLIST_FILE = domain/Info.plist;
				INSTALL_PATH = "$(LOCAL_LIBRARY_DIR)/Frameworks";
				LD_RUNPATH_SEARCH_PATHS = "$(inherited) @executable_path/Frameworks @loader_path/Frameworks";
				PRODUCT_BUNDLE_IDENTIFIER = com.projectx.fisioapp.domain;
				PRODUCT_NAME = "$(TARGET_NAME:c99extidentifier)";
				SKIP_INSTALL = YES;
				SWIFT_VERSION = 4.0;
				TARGETED_DEVICE_FAMILY = "1,2";
				VERSIONING_SYSTEM = "apple-generic";
				VERSION_INFO_PREFIX = "";
			};
			name = Debug;
		};
		07BAE7C92072BEB500BDA03E /* Release */ = {
			isa = XCBuildConfiguration;
			buildSettings = {
				CODE_SIGN_IDENTITY = "";
				CODE_SIGN_STYLE = Automatic;
				CURRENT_PROJECT_VERSION = 1;
				DEFINES_MODULE = YES;
				DYLIB_COMPATIBILITY_VERSION = 1;
				DYLIB_CURRENT_VERSION = 1;
				DYLIB_INSTALL_NAME_BASE = "@rpath";
				INFOPLIST_FILE = domain/Info.plist;
				INSTALL_PATH = "$(LOCAL_LIBRARY_DIR)/Frameworks";
				LD_RUNPATH_SEARCH_PATHS = "$(inherited) @executable_path/Frameworks @loader_path/Frameworks";
				PRODUCT_BUNDLE_IDENTIFIER = com.projectx.fisioapp.domain;
				PRODUCT_NAME = "$(TARGET_NAME:c99extidentifier)";
				SKIP_INSTALL = YES;
				SWIFT_VERSION = 4.0;
				TARGETED_DEVICE_FAMILY = "1,2";
				VERSIONING_SYSTEM = "apple-generic";
				VERSION_INFO_PREFIX = "";
			};
			name = Release;
		};
		07BAE7CA2072BEB500BDA03E /* Debug */ = {
			isa = XCBuildConfiguration;
			buildSettings = {
				ALWAYS_EMBED_SWIFT_STANDARD_LIBRARIES = YES;
				CODE_SIGN_STYLE = Automatic;
				INFOPLIST_FILE = domainTests/Info.plist;
				LD_RUNPATH_SEARCH_PATHS = "$(inherited) @executable_path/Frameworks @loader_path/Frameworks";
				PRODUCT_BUNDLE_IDENTIFIER = com.projectx.fisioapp.domainTests;
				PRODUCT_NAME = "$(TARGET_NAME)";
				SWIFT_VERSION = 4.0;
				TARGETED_DEVICE_FAMILY = "1,2";
				TEST_HOST = "$(BUILT_PRODUCTS_DIR)/fisioapp.app/fisioapp";
			};
			name = Debug;
		};
		07BAE7CB2072BEB500BDA03E /* Release */ = {
			isa = XCBuildConfiguration;
			buildSettings = {
				ALWAYS_EMBED_SWIFT_STANDARD_LIBRARIES = YES;
				CODE_SIGN_STYLE = Automatic;
				INFOPLIST_FILE = domainTests/Info.plist;
				LD_RUNPATH_SEARCH_PATHS = "$(inherited) @executable_path/Frameworks @loader_path/Frameworks";
				PRODUCT_BUNDLE_IDENTIFIER = com.projectx.fisioapp.domainTests;
				PRODUCT_NAME = "$(TARGET_NAME)";
				SWIFT_VERSION = 4.0;
				TARGETED_DEVICE_FAMILY = "1,2";
				TEST_HOST = "$(BUILT_PRODUCTS_DIR)/fisioapp.app/fisioapp";
			};
			name = Release;
		};
		07BAE7ED2072BF9600BDA03E /* Debug */ = {
			isa = XCBuildConfiguration;
			buildSettings = {
				CODE_SIGN_IDENTITY = "";
				CODE_SIGN_STYLE = Automatic;
				CURRENT_PROJECT_VERSION = 1;
				DEFINES_MODULE = YES;
				DYLIB_COMPATIBILITY_VERSION = 1;
				DYLIB_CURRENT_VERSION = 1;
				DYLIB_INSTALL_NAME_BASE = "@rpath";
				INFOPLIST_FILE = repository/Info.plist;
				INSTALL_PATH = "$(LOCAL_LIBRARY_DIR)/Frameworks";
				LD_RUNPATH_SEARCH_PATHS = "$(inherited) @executable_path/Frameworks @loader_path/Frameworks";
				PRODUCT_BUNDLE_IDENTIFIER = com.projectx.fisioapp.repository;
				PRODUCT_NAME = "$(TARGET_NAME:c99extidentifier)";
				SKIP_INSTALL = YES;
				SWIFT_VERSION = 4.0;
				TARGETED_DEVICE_FAMILY = "1,2";
				VERSIONING_SYSTEM = "apple-generic";
				VERSION_INFO_PREFIX = "";
			};
			name = Debug;
		};
		07BAE7EE2072BF9600BDA03E /* Release */ = {
			isa = XCBuildConfiguration;
			buildSettings = {
				CODE_SIGN_IDENTITY = "";
				CODE_SIGN_STYLE = Automatic;
				CURRENT_PROJECT_VERSION = 1;
				DEFINES_MODULE = YES;
				DYLIB_COMPATIBILITY_VERSION = 1;
				DYLIB_CURRENT_VERSION = 1;
				DYLIB_INSTALL_NAME_BASE = "@rpath";
				INFOPLIST_FILE = repository/Info.plist;
				INSTALL_PATH = "$(LOCAL_LIBRARY_DIR)/Frameworks";
				LD_RUNPATH_SEARCH_PATHS = "$(inherited) @executable_path/Frameworks @loader_path/Frameworks";
				PRODUCT_BUNDLE_IDENTIFIER = com.projectx.fisioapp.repository;
				PRODUCT_NAME = "$(TARGET_NAME:c99extidentifier)";
				SKIP_INSTALL = YES;
				SWIFT_VERSION = 4.0;
				TARGETED_DEVICE_FAMILY = "1,2";
				VERSIONING_SYSTEM = "apple-generic";
				VERSION_INFO_PREFIX = "";
			};
			name = Release;
		};
		07BAE7F02072BF9600BDA03E /* Debug */ = {
			isa = XCBuildConfiguration;
			buildSettings = {
				ALWAYS_EMBED_SWIFT_STANDARD_LIBRARIES = YES;
				CODE_SIGN_STYLE = Automatic;
				INFOPLIST_FILE = repositoryTests/Info.plist;
				LD_RUNPATH_SEARCH_PATHS = "$(inherited) @executable_path/Frameworks @loader_path/Frameworks";
				PRODUCT_BUNDLE_IDENTIFIER = com.projectx.fisioapp.repositoryTests;
				PRODUCT_NAME = "$(TARGET_NAME)";
				SWIFT_VERSION = 4.0;
				TARGETED_DEVICE_FAMILY = "1,2";
				TEST_HOST = "$(BUILT_PRODUCTS_DIR)/fisioapp.app/fisioapp";
			};
			name = Debug;
		};
		07BAE7F12072BF9600BDA03E /* Release */ = {
			isa = XCBuildConfiguration;
			buildSettings = {
				ALWAYS_EMBED_SWIFT_STANDARD_LIBRARIES = YES;
				CODE_SIGN_STYLE = Automatic;
				INFOPLIST_FILE = repositoryTests/Info.plist;
				LD_RUNPATH_SEARCH_PATHS = "$(inherited) @executable_path/Frameworks @loader_path/Frameworks";
				PRODUCT_BUNDLE_IDENTIFIER = com.projectx.fisioapp.repositoryTests;
				PRODUCT_NAME = "$(TARGET_NAME)";
				SWIFT_VERSION = 4.0;
				TARGETED_DEVICE_FAMILY = "1,2";
				TEST_HOST = "$(BUILT_PRODUCTS_DIR)/fisioapp.app/fisioapp";
			};
			name = Release;
		};
/* End XCBuildConfiguration section */

/* Begin XCConfigurationList section */
		076E05112072AAFB00554F97 /* Build configuration list for PBXProject "fisioapp" */ = {
			isa = XCConfigurationList;
			buildConfigurations = (
				076E052F2072AAFB00554F97 /* Debug */,
				076E05302072AAFB00554F97 /* Release */,
			);
			defaultConfigurationIsVisible = 0;
			defaultConfigurationName = Release;
		};
		076E05312072AAFB00554F97 /* Build configuration list for PBXNativeTarget "fisioapp" */ = {
			isa = XCConfigurationList;
			buildConfigurations = (
				076E05322072AAFB00554F97 /* Debug */,
				076E05332072AAFB00554F97 /* Release */,
			);
			defaultConfigurationIsVisible = 0;
			defaultConfigurationName = Release;
		};
		076E05342072AAFB00554F97 /* Build configuration list for PBXNativeTarget "fisioappTests" */ = {
			isa = XCConfigurationList;
			buildConfigurations = (
				076E05352072AAFB00554F97 /* Debug */,
				076E05362072AAFB00554F97 /* Release */,
			);
			defaultConfigurationIsVisible = 0;
			defaultConfigurationName = Release;
		};
		07BAE7CC2072BEB500BDA03E /* Build configuration list for PBXNativeTarget "domain" */ = {
			isa = XCConfigurationList;
			buildConfigurations = (
				07BAE7C82072BEB500BDA03E /* Debug */,
				07BAE7C92072BEB500BDA03E /* Release */,
			);
			defaultConfigurationIsVisible = 0;
			defaultConfigurationName = Release;
		};
		07BAE7CE2072BEB500BDA03E /* Build configuration list for PBXNativeTarget "domainTests" */ = {
			isa = XCConfigurationList;
			buildConfigurations = (
				07BAE7CA2072BEB500BDA03E /* Debug */,
				07BAE7CB2072BEB500BDA03E /* Release */,
			);
			defaultConfigurationIsVisible = 0;
			defaultConfigurationName = Release;
		};
		07BAE7EC2072BF9600BDA03E /* Build configuration list for PBXNativeTarget "repository" */ = {
			isa = XCConfigurationList;
			buildConfigurations = (
				07BAE7ED2072BF9600BDA03E /* Debug */,
				07BAE7EE2072BF9600BDA03E /* Release */,
			);
			defaultConfigurationIsVisible = 0;
			defaultConfigurationName = Release;
		};
		07BAE7EF2072BF9600BDA03E /* Build configuration list for PBXNativeTarget "repositoryTests" */ = {
			isa = XCConfigurationList;
			buildConfigurations = (
				07BAE7F02072BF9600BDA03E /* Debug */,
				07BAE7F12072BF9600BDA03E /* Release */,
			);
			defaultConfigurationIsVisible = 0;
			defaultConfigurationName = Release;
		};
/* End XCConfigurationList section */

/* Begin XCVersionGroup section */
		076E051B2072AAFB00554F97 /* fisioapp.xcdatamodeld */ = {
			isa = XCVersionGroup;
			children = (
				076E051C2072AAFB00554F97 /* fisioapp.xcdatamodel */,
			);
			currentVersion = 076E051C2072AAFB00554F97 /* fisioapp.xcdatamodel */;
			path = fisioapp.xcdatamodeld;
			sourceTree = "<group>";
			versionGroupType = wrapper.xcdatamodel;
		};
/* End XCVersionGroup section */
	};
	rootObject = 076E050E2072AAFB00554F97 /* Project object */;
}
