// !$*UTF8*$!
{
	archiveVersion = 1;
	classes = {
	};
	objectVersion = 48;
	objects = {

/* Begin PBXBuildFile section */
		076E051A2072AAFB00554F97 /* AppDelegate.swift in Sources */ = {isa = PBXBuildFile; fileRef = 076E05192072AAFB00554F97 /* AppDelegate.swift */; };
		076E051D2072AAFB00554F97 /* fisioapp.xcdatamodeld in Sources */ = {isa = PBXBuildFile; fileRef = 076E051B2072AAFB00554F97 /* fisioapp.xcdatamodeld */; };
		076E051F2072AAFB00554F97 /* Assets.xcassets in Resources */ = {isa = PBXBuildFile; fileRef = 076E051E2072AAFB00554F97 /* Assets.xcassets */; };
		076E05222072AAFB00554F97 /* LaunchScreen.storyboard in Resources */ = {isa = PBXBuildFile; fileRef = 076E05202072AAFB00554F97 /* LaunchScreen.storyboard */; };
		076E052D2072AAFB00554F97 /* fisioappTests.swift in Sources */ = {isa = PBXBuildFile; fileRef = 076E052C2072AAFB00554F97 /* fisioappTests.swift */; };
		07BAE7BA2072BEB500BDA03E /* domain.framework in Frameworks */ = {isa = PBXBuildFile; fileRef = 07BAE7B12072BEB500BDA03E /* domain.framework */; };
		07BAE7C12072BEB500BDA03E /* domainTests.swift in Sources */ = {isa = PBXBuildFile; fileRef = 07BAE7C02072BEB500BDA03E /* domainTests.swift */; };
		07BAE7C32072BEB500BDA03E /* domain.h in Headers */ = {isa = PBXBuildFile; fileRef = 07BAE7B32072BEB500BDA03E /* domain.h */; settings = {ATTRIBUTES = (Public, ); }; };
		07BAE7C62072BEB500BDA03E /* domain.framework in Frameworks */ = {isa = PBXBuildFile; fileRef = 07BAE7B12072BEB500BDA03E /* domain.framework */; };
		07BAE7C72072BEB500BDA03E /* domain.framework in Embed Frameworks */ = {isa = PBXBuildFile; fileRef = 07BAE7B12072BEB500BDA03E /* domain.framework */; settings = {ATTRIBUTES = (CodeSignOnCopy, RemoveHeadersOnCopy, ); }; };
		07BAE7DE2072BF9600BDA03E /* repository.framework in Frameworks */ = {isa = PBXBuildFile; fileRef = 07BAE7D52072BF9600BDA03E /* repository.framework */; };
		07BAE7E52072BF9600BDA03E /* repositoryTests.swift in Sources */ = {isa = PBXBuildFile; fileRef = 07BAE7E42072BF9600BDA03E /* repositoryTests.swift */; };
		07BAE7E72072BF9600BDA03E /* repository.h in Headers */ = {isa = PBXBuildFile; fileRef = 07BAE7D72072BF9600BDA03E /* repository.h */; settings = {ATTRIBUTES = (Public, ); }; };
		07BAE7EA2072BF9600BDA03E /* repository.framework in Frameworks */ = {isa = PBXBuildFile; fileRef = 07BAE7D52072BF9600BDA03E /* repository.framework */; };
		07BAE7EB2072BF9600BDA03E /* repository.framework in Embed Frameworks */ = {isa = PBXBuildFile; fileRef = 07BAE7D52072BF9600BDA03E /* repository.framework */; settings = {ATTRIBUTES = (CodeSignOnCopy, RemoveHeadersOnCopy, ); }; };
		51266D8320760F8400CB3756 /* ProductViewController.swift in Sources */ = {isa = PBXBuildFile; fileRef = 51266D8120760F8400CB3756 /* ProductViewController.swift */; };
		51266D8420760F8400CB3756 /* ProductViewController.xib in Resources */ = {isa = PBXBuildFile; fileRef = 51266D8220760F8400CB3756 /* ProductViewController.xib */; };
		51266D8720760F9500CB3756 /* ServiceViewController.swift in Sources */ = {isa = PBXBuildFile; fileRef = 51266D8520760F9500CB3756 /* ServiceViewController.swift */; };
		51266D8820760F9500CB3756 /* ServiceViewController.xib in Resources */ = {isa = PBXBuildFile; fileRef = 51266D8620760F9500CB3756 /* ServiceViewController.xib */; };
		51266D8B20760FBE00CB3756 /* AppoitmentViewController.swift in Sources */ = {isa = PBXBuildFile; fileRef = 51266D8920760FBE00CB3756 /* AppoitmentViewController.swift */; };
		51266D8C20760FBE00CB3756 /* AppoitmentViewController.xib in Resources */ = {isa = PBXBuildFile; fileRef = 51266D8A20760FBE00CB3756 /* AppoitmentViewController.xib */; };
		51266D8F20760FD700CB3756 /* EditProfileViewController.swift in Sources */ = {isa = PBXBuildFile; fileRef = 51266D8D20760FD700CB3756 /* EditProfileViewController.swift */; };
		51266D9020760FD700CB3756 /* EditProfileViewController.xib in Resources */ = {isa = PBXBuildFile; fileRef = 51266D8E20760FD700CB3756 /* EditProfileViewController.xib */; };
		516474A1207609A900DCFA9B /* LoginAndRegisterController.swift in Sources */ = {isa = PBXBuildFile; fileRef = 5164749F207609A900DCFA9B /* LoginAndRegisterController.swift */; };
		516474A2207609A900DCFA9B /* LoginAndRegisterController.xib in Resources */ = {isa = PBXBuildFile; fileRef = 516474A0207609A900DCFA9B /* LoginAndRegisterController.xib */; };
		51FA461520769AD4005F317F /* ProductsViewController.swift in Sources */ = {isa = PBXBuildFile; fileRef = 51FA461320769AD4005F317F /* ProductsViewController.swift */; };
		51FA461620769AD4005F317F /* ProductsViewController.xib in Resources */ = {isa = PBXBuildFile; fileRef = 51FA461420769AD4005F317F /* ProductsViewController.xib */; };
		51FA461920769B24005F317F /* ProductsViewCell.swift in Sources */ = {isa = PBXBuildFile; fileRef = 51FA461720769B24005F317F /* ProductsViewCell.swift */; };
		51FA461A20769B24005F317F /* ProductsViewCell.xib in Resources */ = {isa = PBXBuildFile; fileRef = 51FA461820769B24005F317F /* ProductsViewCell.xib */; };
		51FA461C20769BC5005F317F /* DummyModel.swift in Sources */ = {isa = PBXBuildFile; fileRef = 51FA461B20769BC5005F317F /* DummyModel.swift */; };
		51FA461F20769DB6005F317F /* ServicesViewCell.swift in Sources */ = {isa = PBXBuildFile; fileRef = 51FA461D20769DB6005F317F /* ServicesViewCell.swift */; };
		51FA462020769DB6005F317F /* ServicesViewCell.xib in Resources */ = {isa = PBXBuildFile; fileRef = 51FA461E20769DB6005F317F /* ServicesViewCell.xib */; };
		51FA462320769E07005F317F /* ServicesViewController.swift in Sources */ = {isa = PBXBuildFile; fileRef = 51FA462120769E07005F317F /* ServicesViewController.swift */; };
		51FA462420769E07005F317F /* ServicesViewController.xib in Resources */ = {isa = PBXBuildFile; fileRef = 51FA462220769E07005F317F /* ServicesViewController.xib */; };
		51FA46272076A139005F317F /* AppoitmentsViewController.swift in Sources */ = {isa = PBXBuildFile; fileRef = 51FA46252076A139005F317F /* AppoitmentsViewController.swift */; };
		51FA46282076A139005F317F /* AppoitmentsViewController.xib in Resources */ = {isa = PBXBuildFile; fileRef = 51FA46262076A139005F317F /* AppoitmentsViewController.xib */; };
		51FA462B2076A15E005F317F /* AppoitmentsViewCell.swift in Sources */ = {isa = PBXBuildFile; fileRef = 51FA46292076A15E005F317F /* AppoitmentsViewCell.swift */; };
		51FA462C2076A15E005F317F /* AppoitmentsViewCell.xib in Resources */ = {isa = PBXBuildFile; fileRef = 51FA462A2076A15E005F317F /* AppoitmentsViewCell.xib */; };
/* End PBXBuildFile section */

/* Begin PBXContainerItemProxy section */
		076E05292072AAFB00554F97 /* PBXContainerItemProxy */ = {
			isa = PBXContainerItemProxy;
			containerPortal = 076E050E2072AAFB00554F97 /* Project object */;
			proxyType = 1;
			remoteGlobalIDString = 076E05152072AAFB00554F97;
			remoteInfo = fisioapp;
		};
		07BAE7BB2072BEB500BDA03E /* PBXContainerItemProxy */ = {
			isa = PBXContainerItemProxy;
			containerPortal = 076E050E2072AAFB00554F97 /* Project object */;
			proxyType = 1;
			remoteGlobalIDString = 07BAE7B02072BEB500BDA03E;
			remoteInfo = domain;
		};
		07BAE7BD2072BEB500BDA03E /* PBXContainerItemProxy */ = {
			isa = PBXContainerItemProxy;
			containerPortal = 076E050E2072AAFB00554F97 /* Project object */;
			proxyType = 1;
			remoteGlobalIDString = 076E05152072AAFB00554F97;
			remoteInfo = fisioapp;
		};
		07BAE7C42072BEB500BDA03E /* PBXContainerItemProxy */ = {
			isa = PBXContainerItemProxy;
			containerPortal = 076E050E2072AAFB00554F97 /* Project object */;
			proxyType = 1;
			remoteGlobalIDString = 07BAE7B02072BEB500BDA03E;
			remoteInfo = domain;
		};
		07BAE7DF2072BF9600BDA03E /* PBXContainerItemProxy */ = {
			isa = PBXContainerItemProxy;
			containerPortal = 076E050E2072AAFB00554F97 /* Project object */;
			proxyType = 1;
			remoteGlobalIDString = 07BAE7D42072BF9600BDA03E;
			remoteInfo = repository;
		};
		07BAE7E12072BF9600BDA03E /* PBXContainerItemProxy */ = {
			isa = PBXContainerItemProxy;
			containerPortal = 076E050E2072AAFB00554F97 /* Project object */;
			proxyType = 1;
			remoteGlobalIDString = 076E05152072AAFB00554F97;
			remoteInfo = fisioapp;
		};
		07BAE7E82072BF9600BDA03E /* PBXContainerItemProxy */ = {
			isa = PBXContainerItemProxy;
			containerPortal = 076E050E2072AAFB00554F97 /* Project object */;
			proxyType = 1;
			remoteGlobalIDString = 07BAE7D42072BF9600BDA03E;
			remoteInfo = repository;
		};
/* End PBXContainerItemProxy section */

/* Begin PBXCopyFilesBuildPhase section */
		07BAE7CD2072BEB500BDA03E /* Embed Frameworks */ = {
			isa = PBXCopyFilesBuildPhase;
			buildActionMask = 2147483647;
			dstPath = "";
			dstSubfolderSpec = 10;
			files = (
				07BAE7EB2072BF9600BDA03E /* repository.framework in Embed Frameworks */,
				07BAE7C72072BEB500BDA03E /* domain.framework in Embed Frameworks */,
			);
			name = "Embed Frameworks";
			runOnlyForDeploymentPostprocessing = 0;
		};
/* End PBXCopyFilesBuildPhase section */

/* Begin PBXFileReference section */
		076E05162072AAFB00554F97 /* fisioapp.app */ = {isa = PBXFileReference; explicitFileType = wrapper.application; includeInIndex = 0; path = fisioapp.app; sourceTree = BUILT_PRODUCTS_DIR; };
		076E05192072AAFB00554F97 /* AppDelegate.swift */ = {isa = PBXFileReference; lastKnownFileType = sourcecode.swift; path = AppDelegate.swift; sourceTree = "<group>"; };
		076E051C2072AAFB00554F97 /* fisioapp.xcdatamodel */ = {isa = PBXFileReference; lastKnownFileType = wrapper.xcdatamodel; path = fisioapp.xcdatamodel; sourceTree = "<group>"; };
		076E051E2072AAFB00554F97 /* Assets.xcassets */ = {isa = PBXFileReference; lastKnownFileType = folder.assetcatalog; path = Assets.xcassets; sourceTree = "<group>"; };
		076E05212072AAFB00554F97 /* Base */ = {isa = PBXFileReference; lastKnownFileType = file.storyboard; name = Base; path = Base.lproj/LaunchScreen.storyboard; sourceTree = "<group>"; };
		076E05232072AAFB00554F97 /* Info.plist */ = {isa = PBXFileReference; lastKnownFileType = text.plist.xml; path = Info.plist; sourceTree = "<group>"; };
		076E05282072AAFB00554F97 /* fisioappTests.xctest */ = {isa = PBXFileReference; explicitFileType = wrapper.cfbundle; includeInIndex = 0; path = fisioappTests.xctest; sourceTree = BUILT_PRODUCTS_DIR; };
		076E052C2072AAFB00554F97 /* fisioappTests.swift */ = {isa = PBXFileReference; lastKnownFileType = sourcecode.swift; path = fisioappTests.swift; sourceTree = "<group>"; };
		076E052E2072AAFB00554F97 /* Info.plist */ = {isa = PBXFileReference; lastKnownFileType = text.plist.xml; path = Info.plist; sourceTree = "<group>"; };
		07BAE7B12072BEB500BDA03E /* domain.framework */ = {isa = PBXFileReference; explicitFileType = wrapper.framework; includeInIndex = 0; path = domain.framework; sourceTree = BUILT_PRODUCTS_DIR; };
		07BAE7B32072BEB500BDA03E /* domain.h */ = {isa = PBXFileReference; lastKnownFileType = sourcecode.c.h; path = domain.h; sourceTree = "<group>"; };
		07BAE7B42072BEB500BDA03E /* Info.plist */ = {isa = PBXFileReference; lastKnownFileType = text.plist.xml; path = Info.plist; sourceTree = "<group>"; };
		07BAE7B92072BEB500BDA03E /* domainTests.xctest */ = {isa = PBXFileReference; explicitFileType = wrapper.cfbundle; includeInIndex = 0; path = domainTests.xctest; sourceTree = BUILT_PRODUCTS_DIR; };
		07BAE7C02072BEB500BDA03E /* domainTests.swift */ = {isa = PBXFileReference; lastKnownFileType = sourcecode.swift; path = domainTests.swift; sourceTree = "<group>"; };
		07BAE7C22072BEB500BDA03E /* Info.plist */ = {isa = PBXFileReference; lastKnownFileType = text.plist.xml; path = Info.plist; sourceTree = "<group>"; };
		07BAE7D52072BF9600BDA03E /* repository.framework */ = {isa = PBXFileReference; explicitFileType = wrapper.framework; includeInIndex = 0; path = repository.framework; sourceTree = BUILT_PRODUCTS_DIR; };
		07BAE7D72072BF9600BDA03E /* repository.h */ = {isa = PBXFileReference; lastKnownFileType = sourcecode.c.h; path = repository.h; sourceTree = "<group>"; };
		07BAE7D82072BF9600BDA03E /* Info.plist */ = {isa = PBXFileReference; lastKnownFileType = text.plist.xml; path = Info.plist; sourceTree = "<group>"; };
		07BAE7DD2072BF9600BDA03E /* repositoryTests.xctest */ = {isa = PBXFileReference; explicitFileType = wrapper.cfbundle; includeInIndex = 0; path = repositoryTests.xctest; sourceTree = BUILT_PRODUCTS_DIR; };
		07BAE7E42072BF9600BDA03E /* repositoryTests.swift */ = {isa = PBXFileReference; lastKnownFileType = sourcecode.swift; path = repositoryTests.swift; sourceTree = "<group>"; };
		07BAE7E62072BF9600BDA03E /* Info.plist */ = {isa = PBXFileReference; lastKnownFileType = text.plist.xml; path = Info.plist; sourceTree = "<group>"; };
		51266D8120760F8400CB3756 /* ProductViewController.swift */ = {isa = PBXFileReference; lastKnownFileType = sourcecode.swift; path = ProductViewController.swift; sourceTree = "<group>"; };
		51266D8220760F8400CB3756 /* ProductViewController.xib */ = {isa = PBXFileReference; lastKnownFileType = file.xib; path = ProductViewController.xib; sourceTree = "<group>"; };
		51266D8520760F9500CB3756 /* ServiceViewController.swift */ = {isa = PBXFileReference; lastKnownFileType = sourcecode.swift; path = ServiceViewController.swift; sourceTree = "<group>"; };
		51266D8620760F9500CB3756 /* ServiceViewController.xib */ = {isa = PBXFileReference; lastKnownFileType = file.xib; path = ServiceViewController.xib; sourceTree = "<group>"; };
		51266D8920760FBE00CB3756 /* AppoitmentViewController.swift */ = {isa = PBXFileReference; lastKnownFileType = sourcecode.swift; path = AppoitmentViewController.swift; sourceTree = "<group>"; };
		51266D8A20760FBE00CB3756 /* AppoitmentViewController.xib */ = {isa = PBXFileReference; lastKnownFileType = file.xib; path = AppoitmentViewController.xib; sourceTree = "<group>"; };
		51266D8D20760FD700CB3756 /* EditProfileViewController.swift */ = {isa = PBXFileReference; lastKnownFileType = sourcecode.swift; path = EditProfileViewController.swift; sourceTree = "<group>"; };
		51266D8E20760FD700CB3756 /* EditProfileViewController.xib */ = {isa = PBXFileReference; lastKnownFileType = file.xib; path = EditProfileViewController.xib; sourceTree = "<group>"; };
		5164749F207609A900DCFA9B /* LoginAndRegisterController.swift */ = {isa = PBXFileReference; lastKnownFileType = sourcecode.swift; path = LoginAndRegisterController.swift; sourceTree = "<group>"; };
		516474A0207609A900DCFA9B /* LoginAndRegisterController.xib */ = {isa = PBXFileReference; lastKnownFileType = file.xib; path = LoginAndRegisterController.xib; sourceTree = "<group>"; };
		51FA461320769AD4005F317F /* ProductsViewController.swift */ = {isa = PBXFileReference; lastKnownFileType = sourcecode.swift; path = ProductsViewController.swift; sourceTree = "<group>"; };
		51FA461420769AD4005F317F /* ProductsViewController.xib */ = {isa = PBXFileReference; lastKnownFileType = file.xib; path = ProductsViewController.xib; sourceTree = "<group>"; };
		51FA461720769B24005F317F /* ProductsViewCell.swift */ = {isa = PBXFileReference; lastKnownFileType = sourcecode.swift; path = ProductsViewCell.swift; sourceTree = "<group>"; };
		51FA461820769B24005F317F /* ProductsViewCell.xib */ = {isa = PBXFileReference; lastKnownFileType = file.xib; path = ProductsViewCell.xib; sourceTree = "<group>"; };
		51FA461B20769BC5005F317F /* DummyModel.swift */ = {isa = PBXFileReference; lastKnownFileType = sourcecode.swift; path = DummyModel.swift; sourceTree = "<group>"; };
		51FA461D20769DB6005F317F /* ServicesViewCell.swift */ = {isa = PBXFileReference; lastKnownFileType = sourcecode.swift; path = ServicesViewCell.swift; sourceTree = "<group>"; };
		51FA461E20769DB6005F317F /* ServicesViewCell.xib */ = {isa = PBXFileReference; lastKnownFileType = file.xib; path = ServicesViewCell.xib; sourceTree = "<group>"; };
		51FA462120769E07005F317F /* ServicesViewController.swift */ = {isa = PBXFileReference; lastKnownFileType = sourcecode.swift; path = ServicesViewController.swift; sourceTree = "<group>"; };
		51FA462220769E07005F317F /* ServicesViewController.xib */ = {isa = PBXFileReference; lastKnownFileType = file.xib; path = ServicesViewController.xib; sourceTree = "<group>"; };
		51FA46252076A139005F317F /* AppoitmentsViewController.swift */ = {isa = PBXFileReference; lastKnownFileType = sourcecode.swift; path = AppoitmentsViewController.swift; sourceTree = "<group>"; };
		51FA46262076A139005F317F /* AppoitmentsViewController.xib */ = {isa = PBXFileReference; lastKnownFileType = file.xib; path = AppoitmentsViewController.xib; sourceTree = "<group>"; };
		51FA46292076A15E005F317F /* AppoitmentsViewCell.swift */ = {isa = PBXFileReference; lastKnownFileType = sourcecode.swift; path = AppoitmentsViewCell.swift; sourceTree = "<group>"; };
		51FA462A2076A15E005F317F /* AppoitmentsViewCell.xib */ = {isa = PBXFileReference; lastKnownFileType = file.xib; path = AppoitmentsViewCell.xib; sourceTree = "<group>"; };
/* End PBXFileReference section */

/* Begin PBXFrameworksBuildPhase section */
		076E05132072AAFB00554F97 /* Frameworks */ = {
			isa = PBXFrameworksBuildPhase;
			buildActionMask = 2147483647;
			files = (
				07BAE7EA2072BF9600BDA03E /* repository.framework in Frameworks */,
				07BAE7C62072BEB500BDA03E /* domain.framework in Frameworks */,
			);
			runOnlyForDeploymentPostprocessing = 0;
		};
		076E05252072AAFB00554F97 /* Frameworks */ = {
			isa = PBXFrameworksBuildPhase;
			buildActionMask = 2147483647;
			files = (
			);
			runOnlyForDeploymentPostprocessing = 0;
		};
		07BAE7AD2072BEB500BDA03E /* Frameworks */ = {
			isa = PBXFrameworksBuildPhase;
			buildActionMask = 2147483647;
			files = (
			);
			runOnlyForDeploymentPostprocessing = 0;
		};
		07BAE7B62072BEB500BDA03E /* Frameworks */ = {
			isa = PBXFrameworksBuildPhase;
			buildActionMask = 2147483647;
			files = (
				07BAE7BA2072BEB500BDA03E /* domain.framework in Frameworks */,
			);
			runOnlyForDeploymentPostprocessing = 0;
		};
		07BAE7D12072BF9600BDA03E /* Frameworks */ = {
			isa = PBXFrameworksBuildPhase;
			buildActionMask = 2147483647;
			files = (
			);
			runOnlyForDeploymentPostprocessing = 0;
		};
		07BAE7DA2072BF9600BDA03E /* Frameworks */ = {
			isa = PBXFrameworksBuildPhase;
			buildActionMask = 2147483647;
			files = (
				07BAE7DE2072BF9600BDA03E /* repository.framework in Frameworks */,
			);
			runOnlyForDeploymentPostprocessing = 0;
		};
/* End PBXFrameworksBuildPhase section */

/* Begin PBXGroup section */
		076E050D2072AAFB00554F97 = {
			isa = PBXGroup;
			children = (
				076E05182072AAFB00554F97 /* fisioapp */,
				076E052B2072AAFB00554F97 /* fisioappTests */,
				07BAE7B22072BEB500BDA03E /* domain */,
				07BAE7BF2072BEB500BDA03E /* domainTests */,
				07BAE7D62072BF9600BDA03E /* repository */,
				07BAE7E32072BF9600BDA03E /* repositoryTests */,
				076E05172072AAFB00554F97 /* Products */,
			);
			sourceTree = "<group>";
		};
		076E05172072AAFB00554F97 /* Products */ = {
			isa = PBXGroup;
			children = (
				076E05162072AAFB00554F97 /* fisioapp.app */,
				076E05282072AAFB00554F97 /* fisioappTests.xctest */,
				07BAE7B12072BEB500BDA03E /* domain.framework */,
				07BAE7B92072BEB500BDA03E /* domainTests.xctest */,
				07BAE7D52072BF9600BDA03E /* repository.framework */,
				07BAE7DD2072BF9600BDA03E /* repositoryTests.xctest */,
			);
			name = Products;
			sourceTree = "<group>";
		};
		076E05182072AAFB00554F97 /* fisioapp */ = {
			isa = PBXGroup;
			children = (
				076E05192072AAFB00554F97 /* AppDelegate.swift */,
				076E051E2072AAFB00554F97 /* Assets.xcassets */,
				51266D9120760FF600CB3756 /* View */,
				51266D922076100A00CB3756 /* Controllers */,
				076E05232072AAFB00554F97 /* Info.plist */,
				076E051B2072AAFB00554F97 /* fisioapp.xcdatamodeld */,
				51FA461B20769BC5005F317F /* DummyModel.swift */,
			);
			path = fisioapp;
			sourceTree = "<group>";
		};
		076E052B2072AAFB00554F97 /* fisioappTests */ = {
			isa = PBXGroup;
			children = (
				076E052C2072AAFB00554F97 /* fisioappTests.swift */,
				076E052E2072AAFB00554F97 /* Info.plist */,
			);
			path = fisioappTests;
			sourceTree = "<group>";
		};
		07BAE7B22072BEB500BDA03E /* domain */ = {
			isa = PBXGroup;
			children = (
				07BAE7B32072BEB500BDA03E /* domain.h */,
				07BAE7B42072BEB500BDA03E /* Info.plist */,
			);
			path = domain;
			sourceTree = "<group>";
		};
		07BAE7BF2072BEB500BDA03E /* domainTests */ = {
			isa = PBXGroup;
			children = (
				07BAE7C02072BEB500BDA03E /* domainTests.swift */,
				07BAE7C22072BEB500BDA03E /* Info.plist */,
			);
			path = domainTests;
			sourceTree = "<group>";
		};
		07BAE7D62072BF9600BDA03E /* repository */ = {
			isa = PBXGroup;
			children = (
				07BAE7D72072BF9600BDA03E /* repository.h */,
				07BAE7D82072BF9600BDA03E /* Info.plist */,
			);
			path = repository;
			sourceTree = "<group>";
		};
		07BAE7E32072BF9600BDA03E /* repositoryTests */ = {
			isa = PBXGroup;
			children = (
				07BAE7E42072BF9600BDA03E /* repositoryTests.swift */,
				07BAE7E62072BF9600BDA03E /* Info.plist */,
			);
			path = repositoryTests;
			sourceTree = "<group>";
		};
		51266D9120760FF600CB3756 /* View */ = {
			isa = PBXGroup;
			children = (
				076E05202072AAFB00554F97 /* LaunchScreen.storyboard */,
				516474A0207609A900DCFA9B /* LoginAndRegisterController.xib */,
				51266D8E20760FD700CB3756 /* EditProfileViewController.xib */,
				51FA461420769AD4005F317F /* ProductsViewController.xib */,
				51266D8220760F8400CB3756 /* ProductViewController.xib */,
				51266D8A20760FBE00CB3756 /* AppoitmentViewController.xib */,
				51FA46262076A139005F317F /* AppoitmentsViewController.xib */,
				51FA462220769E07005F317F /* ServicesViewController.xib */,
				51266D8620760F9500CB3756 /* ServiceViewController.xib */,
				51FA462A2076A15E005F317F /* AppoitmentsViewCell.xib */,
				51FA461820769B24005F317F /* ProductsViewCell.xib */,
				51FA461E20769DB6005F317F /* ServicesViewCell.xib */,
			);
			path = View;
			sourceTree = "<group>";
		};
		51266D922076100A00CB3756 /* Controllers */ = {
			isa = PBXGroup;
			children = (
				5164749F207609A900DCFA9B /* LoginAndRegisterController.swift */,
				51FA461320769AD4005F317F /* ProductsViewController.swift */,
				51FA461720769B24005F317F /* ProductsViewCell.swift */,
				51FA46252076A139005F317F /* AppoitmentsViewController.swift */,
				51FA462120769E07005F317F /* ServicesViewController.swift */,
				51266D8D20760FD700CB3756 /* EditProfileViewController.swift */,
				51266D8120760F8400CB3756 /* ProductViewController.swift */,
				51266D8920760FBE00CB3756 /* AppoitmentViewController.swift */,
				51266D8520760F9500CB3756 /* ServiceViewController.swift */,
				51FA461D20769DB6005F317F /* ServicesViewCell.swift */,
				51FA46292076A15E005F317F /* AppoitmentsViewCell.swift */,
			);
			path = Controllers;
			sourceTree = "<group>";
		};
/* End PBXGroup section */

/* Begin PBXHeadersBuildPhase section */
		07BAE7AE2072BEB500BDA03E /* Headers */ = {
			isa = PBXHeadersBuildPhase;
			buildActionMask = 2147483647;
			files = (
				07BAE7C32072BEB500BDA03E /* domain.h in Headers */,
			);
			runOnlyForDeploymentPostprocessing = 0;
		};
		07BAE7D22072BF9600BDA03E /* Headers */ = {
			isa = PBXHeadersBuildPhase;
			buildActionMask = 2147483647;
			files = (
				07BAE7E72072BF9600BDA03E /* repository.h in Headers */,
			);
			runOnlyForDeploymentPostprocessing = 0;
		};
/* End PBXHeadersBuildPhase section */

/* Begin PBXNativeTarget section */
		076E05152072AAFB00554F97 /* fisioapp */ = {
			isa = PBXNativeTarget;
			buildConfigurationList = 076E05312072AAFB00554F97 /* Build configuration list for PBXNativeTarget "fisioapp" */;
			buildPhases = (
				076E05122072AAFB00554F97 /* Sources */,
				076E05132072AAFB00554F97 /* Frameworks */,
				076E05142072AAFB00554F97 /* Resources */,
				07BAE7CD2072BEB500BDA03E /* Embed Frameworks */,
			);
			buildRules = (
			);
			dependencies = (
				07BAE7C52072BEB500BDA03E /* PBXTargetDependency */,
				07BAE7E92072BF9600BDA03E /* PBXTargetDependency */,
			);
			name = fisioapp;
			productName = fisioapp;
			productReference = 076E05162072AAFB00554F97 /* fisioapp.app */;
			productType = "com.apple.product-type.application";
		};
		076E05272072AAFB00554F97 /* fisioappTests */ = {
			isa = PBXNativeTarget;
			buildConfigurationList = 076E05342072AAFB00554F97 /* Build configuration list for PBXNativeTarget "fisioappTests" */;
			buildPhases = (
				076E05242072AAFB00554F97 /* Sources */,
				076E05252072AAFB00554F97 /* Frameworks */,
				076E05262072AAFB00554F97 /* Resources */,
			);
			buildRules = (
			);
			dependencies = (
				076E052A2072AAFB00554F97 /* PBXTargetDependency */,
			);
			name = fisioappTests;
			productName = fisioappTests;
			productReference = 076E05282072AAFB00554F97 /* fisioappTests.xctest */;
			productType = "com.apple.product-type.bundle.unit-test";
		};
		07BAE7B02072BEB500BDA03E /* domain */ = {
			isa = PBXNativeTarget;
			buildConfigurationList = 07BAE7CC2072BEB500BDA03E /* Build configuration list for PBXNativeTarget "domain" */;
			buildPhases = (
				07BAE7AC2072BEB500BDA03E /* Sources */,
				07BAE7AD2072BEB500BDA03E /* Frameworks */,
				07BAE7AE2072BEB500BDA03E /* Headers */,
				07BAE7AF2072BEB500BDA03E /* Resources */,
			);
			buildRules = (
			);
			dependencies = (
			);
			name = domain;
			productName = domain;
			productReference = 07BAE7B12072BEB500BDA03E /* domain.framework */;
			productType = "com.apple.product-type.framework";
		};
		07BAE7B82072BEB500BDA03E /* domainTests */ = {
			isa = PBXNativeTarget;
			buildConfigurationList = 07BAE7CE2072BEB500BDA03E /* Build configuration list for PBXNativeTarget "domainTests" */;
			buildPhases = (
				07BAE7B52072BEB500BDA03E /* Sources */,
				07BAE7B62072BEB500BDA03E /* Frameworks */,
				07BAE7B72072BEB500BDA03E /* Resources */,
			);
			buildRules = (
			);
			dependencies = (
				07BAE7BC2072BEB500BDA03E /* PBXTargetDependency */,
				07BAE7BE2072BEB500BDA03E /* PBXTargetDependency */,
			);
			name = domainTests;
			productName = domainTests;
			productReference = 07BAE7B92072BEB500BDA03E /* domainTests.xctest */;
			productType = "com.apple.product-type.bundle.unit-test";
		};
		07BAE7D42072BF9600BDA03E /* repository */ = {
			isa = PBXNativeTarget;
			buildConfigurationList = 07BAE7EC2072BF9600BDA03E /* Build configuration list for PBXNativeTarget "repository" */;
			buildPhases = (
				07BAE7D02072BF9600BDA03E /* Sources */,
				07BAE7D12072BF9600BDA03E /* Frameworks */,
				07BAE7D22072BF9600BDA03E /* Headers */,
				07BAE7D32072BF9600BDA03E /* Resources */,
			);
			buildRules = (
			);
			dependencies = (
			);
			name = repository;
			productName = repository;
			productReference = 07BAE7D52072BF9600BDA03E /* repository.framework */;
			productType = "com.apple.product-type.framework";
		};
		07BAE7DC2072BF9600BDA03E /* repositoryTests */ = {
			isa = PBXNativeTarget;
			buildConfigurationList = 07BAE7EF2072BF9600BDA03E /* Build configuration list for PBXNativeTarget "repositoryTests" */;
			buildPhases = (
				07BAE7D92072BF9600BDA03E /* Sources */,
				07BAE7DA2072BF9600BDA03E /* Frameworks */,
				07BAE7DB2072BF9600BDA03E /* Resources */,
			);
			buildRules = (
			);
			dependencies = (
				07BAE7E02072BF9600BDA03E /* PBXTargetDependency */,
				07BAE7E22072BF9600BDA03E /* PBXTargetDependency */,
			);
			name = repositoryTests;
			productName = repositoryTests;
			productReference = 07BAE7DD2072BF9600BDA03E /* repositoryTests.xctest */;
			productType = "com.apple.product-type.bundle.unit-test";
		};
/* End PBXNativeTarget section */

/* Begin PBXProject section */
		076E050E2072AAFB00554F97 /* Project object */ = {
			isa = PBXProject;
			attributes = {
				LastSwiftUpdateCheck = 0920;
				LastUpgradeCheck = 0930;
				ORGANIZATIONNAME = ProjectX;
				TargetAttributes = {
					076E05152072AAFB00554F97 = {
						CreatedOnToolsVersion = 9.2;
						ProvisioningStyle = Automatic;
					};
					076E05272072AAFB00554F97 = {
						CreatedOnToolsVersion = 9.2;
						ProvisioningStyle = Automatic;
						TestTargetID = 076E05152072AAFB00554F97;
					};
					07BAE7B02072BEB500BDA03E = {
						CreatedOnToolsVersion = 9.2;
						ProvisioningStyle = Automatic;
					};
					07BAE7B82072BEB500BDA03E = {
						CreatedOnToolsVersion = 9.2;
						ProvisioningStyle = Automatic;
						TestTargetID = 076E05152072AAFB00554F97;
					};
					07BAE7D42072BF9600BDA03E = {
						CreatedOnToolsVersion = 9.2;
						ProvisioningStyle = Automatic;
					};
					07BAE7DC2072BF9600BDA03E = {
						CreatedOnToolsVersion = 9.2;
						ProvisioningStyle = Automatic;
						TestTargetID = 076E05152072AAFB00554F97;
					};
				};
			};
			buildConfigurationList = 076E05112072AAFB00554F97 /* Build configuration list for PBXProject "fisioapp" */;
			compatibilityVersion = "Xcode 8.0";
			developmentRegion = en;
			hasScannedForEncodings = 0;
			knownRegions = (
				en,
				Base,
			);
			mainGroup = 076E050D2072AAFB00554F97;
			productRefGroup = 076E05172072AAFB00554F97 /* Products */;
			projectDirPath = "";
			projectRoot = "";
			targets = (
				076E05152072AAFB00554F97 /* fisioapp */,
				076E05272072AAFB00554F97 /* fisioappTests */,
				07BAE7B02072BEB500BDA03E /* domain */,
				07BAE7B82072BEB500BDA03E /* domainTests */,
				07BAE7D42072BF9600BDA03E /* repository */,
				07BAE7DC2072BF9600BDA03E /* repositoryTests */,
			);
		};
/* End PBXProject section */

/* Begin PBXResourcesBuildPhase section */
		076E05142072AAFB00554F97 /* Resources */ = {
			isa = PBXResourcesBuildPhase;
			buildActionMask = 2147483647;
			files = (
				51266D9020760FD700CB3756 /* EditProfileViewController.xib in Resources */,
				51FA462020769DB6005F317F /* ServicesViewCell.xib in Resources */,
				51266D8820760F9500CB3756 /* ServiceViewController.xib in Resources */,
				51FA461620769AD4005F317F /* ProductsViewController.xib in Resources */,
				51266D8420760F8400CB3756 /* ProductViewController.xib in Resources */,
				076E051F2072AAFB00554F97 /* Assets.xcassets in Resources */,
				51FA462420769E07005F317F /* ServicesViewController.xib in Resources */,
				51FA462C2076A15E005F317F /* AppoitmentsViewCell.xib in Resources */,
				516474A2207609A900DCFA9B /* LoginAndRegisterController.xib in Resources */,
				51266D8C20760FBE00CB3756 /* AppoitmentViewController.xib in Resources */,
				51FA46282076A139005F317F /* AppoitmentsViewController.xib in Resources */,
				51FA461A20769B24005F317F /* ProductsViewCell.xib in Resources */,
				076E05222072AAFB00554F97 /* LaunchScreen.storyboard in Resources */,
			);
			runOnlyForDeploymentPostprocessing = 0;
		};
		076E05262072AAFB00554F97 /* Resources */ = {
			isa = PBXResourcesBuildPhase;
			buildActionMask = 2147483647;
			files = (
			);
			runOnlyForDeploymentPostprocessing = 0;
		};
		07BAE7AF2072BEB500BDA03E /* Resources */ = {
			isa = PBXResourcesBuildPhase;
			buildActionMask = 2147483647;
			files = (
			);
			runOnlyForDeploymentPostprocessing = 0;
		};
		07BAE7B72072BEB500BDA03E /* Resources */ = {
			isa = PBXResourcesBuildPhase;
			buildActionMask = 2147483647;
			files = (
			);
			runOnlyForDeploymentPostprocessing = 0;
		};
		07BAE7D32072BF9600BDA03E /* Resources */ = {
			isa = PBXResourcesBuildPhase;
			buildActionMask = 2147483647;
			files = (
			);
			runOnlyForDeploymentPostprocessing = 0;
		};
		07BAE7DB2072BF9600BDA03E /* Resources */ = {
			isa = PBXResourcesBuildPhase;
			buildActionMask = 2147483647;
			files = (
			);
			runOnlyForDeploymentPostprocessing = 0;
		};
/* End PBXResourcesBuildPhase section */

/* Begin PBXSourcesBuildPhase section */
		076E05122072AAFB00554F97 /* Sources */ = {
			isa = PBXSourcesBuildPhase;
			buildActionMask = 2147483647;
			files = (
				51FA461920769B24005F317F /* ProductsViewCell.swift in Sources */,
				516474A1207609A900DCFA9B /* LoginAndRegisterController.swift in Sources */,
				51266D8320760F8400CB3756 /* ProductViewController.swift in Sources */,
				076E051D2072AAFB00554F97 /* fisioapp.xcdatamodeld in Sources */,
				51FA461C20769BC5005F317F /* DummyModel.swift in Sources */,
				51FA46272076A139005F317F /* AppoitmentsViewController.swift in Sources */,
				51266D8720760F9500CB3756 /* ServiceViewController.swift in Sources */,
				51FA462320769E07005F317F /* ServicesViewController.swift in Sources */,
				51266D8B20760FBE00CB3756 /* AppoitmentViewController.swift in Sources */,
				51FA461F20769DB6005F317F /* ServicesViewCell.swift in Sources */,
				51FA461520769AD4005F317F /* ProductsViewController.swift in Sources */,
				51266D8F20760FD700CB3756 /* EditProfileViewController.swift in Sources */,
				076E051A2072AAFB00554F97 /* AppDelegate.swift in Sources */,
				51FA462B2076A15E005F317F /* AppoitmentsViewCell.swift in Sources */,
			);
			runOnlyForDeploymentPostprocessing = 0;
		};
		076E05242072AAFB00554F97 /* Sources */ = {
			isa = PBXSourcesBuildPhase;
			buildActionMask = 2147483647;
			files = (
				076E052D2072AAFB00554F97 /* fisioappTests.swift in Sources */,
			);
			runOnlyForDeploymentPostprocessing = 0;
		};
		07BAE7AC2072BEB500BDA03E /* Sources */ = {
			isa = PBXSourcesBuildPhase;
			buildActionMask = 2147483647;
			files = (
			);
			runOnlyForDeploymentPostprocessing = 0;
		};
		07BAE7B52072BEB500BDA03E /* Sources */ = {
			isa = PBXSourcesBuildPhase;
			buildActionMask = 2147483647;
			files = (
				07BAE7C12072BEB500BDA03E /* domainTests.swift in Sources */,
			);
			runOnlyForDeploymentPostprocessing = 0;
		};
		07BAE7D02072BF9600BDA03E /* Sources */ = {
			isa = PBXSourcesBuildPhase;
			buildActionMask = 2147483647;
			files = (
			);
			runOnlyForDeploymentPostprocessing = 0;
		};
		07BAE7D92072BF9600BDA03E /* Sources */ = {
			isa = PBXSourcesBuildPhase;
			buildActionMask = 2147483647;
			files = (
				07BAE7E52072BF9600BDA03E /* repositoryTests.swift in Sources */,
			);
			runOnlyForDeploymentPostprocessing = 0;
		};
/* End PBXSourcesBuildPhase section */

/* Begin PBXTargetDependency section */
		076E052A2072AAFB00554F97 /* PBXTargetDependency */ = {
			isa = PBXTargetDependency;
			target = 076E05152072AAFB00554F97 /* fisioapp */;
			targetProxy = 076E05292072AAFB00554F97 /* PBXContainerItemProxy */;
		};
		07BAE7BC2072BEB500BDA03E /* PBXTargetDependency */ = {
			isa = PBXTargetDependency;
			target = 07BAE7B02072BEB500BDA03E /* domain */;
			targetProxy = 07BAE7BB2072BEB500BDA03E /* PBXContainerItemProxy */;
		};
		07BAE7BE2072BEB500BDA03E /* PBXTargetDependency */ = {
			isa = PBXTargetDependency;
			target = 076E05152072AAFB00554F97 /* fisioapp */;
			targetProxy = 07BAE7BD2072BEB500BDA03E /* PBXContainerItemProxy */;
		};
		07BAE7C52072BEB500BDA03E /* PBXTargetDependency */ = {
			isa = PBXTargetDependency;
			target = 07BAE7B02072BEB500BDA03E /* domain */;
			targetProxy = 07BAE7C42072BEB500BDA03E /* PBXContainerItemProxy */;
		};
		07BAE7E02072BF9600BDA03E /* PBXTargetDependency */ = {
			isa = PBXTargetDependency;
			target = 07BAE7D42072BF9600BDA03E /* repository */;
			targetProxy = 07BAE7DF2072BF9600BDA03E /* PBXContainerItemProxy */;
		};
		07BAE7E22072BF9600BDA03E /* PBXTargetDependency */ = {
			isa = PBXTargetDependency;
			target = 076E05152072AAFB00554F97 /* fisioapp */;
			targetProxy = 07BAE7E12072BF9600BDA03E /* PBXContainerItemProxy */;
		};
		07BAE7E92072BF9600BDA03E /* PBXTargetDependency */ = {
			isa = PBXTargetDependency;
			target = 07BAE7D42072BF9600BDA03E /* repository */;
			targetProxy = 07BAE7E82072BF9600BDA03E /* PBXContainerItemProxy */;
		};
/* End PBXTargetDependency section */

/* Begin PBXVariantGroup section */
		076E05202072AAFB00554F97 /* LaunchScreen.storyboard */ = {
			isa = PBXVariantGroup;
			children = (
				076E05212072AAFB00554F97 /* Base */,
			);
			name = LaunchScreen.storyboard;
			sourceTree = "<group>";
		};
/* End PBXVariantGroup section */

/* Begin XCBuildConfiguration section */
		076E052F2072AAFB00554F97 /* Debug */ = {
			isa = XCBuildConfiguration;
			buildSettings = {
				ALWAYS_SEARCH_USER_PATHS = NO;
				CLANG_ANALYZER_NONNULL = YES;
				CLANG_ANALYZER_NUMBER_OBJECT_CONVERSION = YES_AGGRESSIVE;
				CLANG_CXX_LANGUAGE_STANDARD = "gnu++14";
				CLANG_CXX_LIBRARY = "libc++";
				CLANG_ENABLE_MODULES = YES;
				CLANG_ENABLE_OBJC_ARC = YES;
				CLANG_WARN_BLOCK_CAPTURE_AUTORELEASING = YES;
				CLANG_WARN_BOOL_CONVERSION = YES;
				CLANG_WARN_COMMA = YES;
				CLANG_WARN_CONSTANT_CONVERSION = YES;
				CLANG_WARN_DEPRECATED_OBJC_IMPLEMENTATIONS = YES;
				CLANG_WARN_DIRECT_OBJC_ISA_USAGE = YES_ERROR;
				CLANG_WARN_DOCUMENTATION_COMMENTS = YES;
				CLANG_WARN_EMPTY_BODY = YES;
				CLANG_WARN_ENUM_CONVERSION = YES;
				CLANG_WARN_INFINITE_RECURSION = YES;
				CLANG_WARN_INT_CONVERSION = YES;
				CLANG_WARN_NON_LITERAL_NULL_CONVERSION = YES;
				CLANG_WARN_OBJC_IMPLICIT_RETAIN_SELF = YES;
				CLANG_WARN_OBJC_LITERAL_CONVERSION = YES;
				CLANG_WARN_OBJC_ROOT_CLASS = YES_ERROR;
				CLANG_WARN_RANGE_LOOP_ANALYSIS = YES;
				CLANG_WARN_STRICT_PROTOTYPES = YES;
				CLANG_WARN_SUSPICIOUS_MOVE = YES;
				CLANG_WARN_UNGUARDED_AVAILABILITY = YES_AGGRESSIVE;
				CLANG_WARN_UNREACHABLE_CODE = YES;
				CLANG_WARN__DUPLICATE_METHOD_MATCH = YES;
				CODE_SIGN_IDENTITY = "iPhone Developer";
				COPY_PHASE_STRIP = NO;
				DEBUG_INFORMATION_FORMAT = dwarf;
				ENABLE_STRICT_OBJC_MSGSEND = YES;
				ENABLE_TESTABILITY = YES;
				GCC_C_LANGUAGE_STANDARD = gnu11;
				GCC_DYNAMIC_NO_PIC = NO;
				GCC_NO_COMMON_BLOCKS = YES;
				GCC_OPTIMIZATION_LEVEL = 0;
				GCC_PREPROCESSOR_DEFINITIONS = (
					"DEBUG=1",
					"$(inherited)",
				);
				GCC_WARN_64_TO_32_BIT_CONVERSION = YES;
				GCC_WARN_ABOUT_RETURN_TYPE = YES_ERROR;
				GCC_WARN_UNDECLARED_SELECTOR = YES;
				GCC_WARN_UNINITIALIZED_AUTOS = YES_AGGRESSIVE;
				GCC_WARN_UNUSED_FUNCTION = YES;
				GCC_WARN_UNUSED_VARIABLE = YES;
				IPHONEOS_DEPLOYMENT_TARGET = 11.2;
				MTL_ENABLE_DEBUG_INFO = YES;
				ONLY_ACTIVE_ARCH = YES;
				SDKROOT = iphoneos;
				SWIFT_ACTIVE_COMPILATION_CONDITIONS = DEBUG;
				SWIFT_OPTIMIZATION_LEVEL = "-Onone";
			};
			name = Debug;
		};
		076E05302072AAFB00554F97 /* Release */ = {
			isa = XCBuildConfiguration;
			buildSettings = {
				ALWAYS_SEARCH_USER_PATHS = NO;
				CLANG_ANALYZER_NONNULL = YES;
				CLANG_ANALYZER_NUMBER_OBJECT_CONVERSION = YES_AGGRESSIVE;
				CLANG_CXX_LANGUAGE_STANDARD = "gnu++14";
				CLANG_CXX_LIBRARY = "libc++";
				CLANG_ENABLE_MODULES = YES;
				CLANG_ENABLE_OBJC_ARC = YES;
				CLANG_WARN_BLOCK_CAPTURE_AUTORELEASING = YES;
				CLANG_WARN_BOOL_CONVERSION = YES;
				CLANG_WARN_COMMA = YES;
				CLANG_WARN_CONSTANT_CONVERSION = YES;
				CLANG_WARN_DEPRECATED_OBJC_IMPLEMENTATIONS = YES;
				CLANG_WARN_DIRECT_OBJC_ISA_USAGE = YES_ERROR;
				CLANG_WARN_DOCUMENTATION_COMMENTS = YES;
				CLANG_WARN_EMPTY_BODY = YES;
				CLANG_WARN_ENUM_CONVERSION = YES;
				CLANG_WARN_INFINITE_RECURSION = YES;
				CLANG_WARN_INT_CONVERSION = YES;
				CLANG_WARN_NON_LITERAL_NULL_CONVERSION = YES;
				CLANG_WARN_OBJC_IMPLICIT_RETAIN_SELF = YES;
				CLANG_WARN_OBJC_LITERAL_CONVERSION = YES;
				CLANG_WARN_OBJC_ROOT_CLASS = YES_ERROR;
				CLANG_WARN_RANGE_LOOP_ANALYSIS = YES;
				CLANG_WARN_STRICT_PROTOTYPES = YES;
				CLANG_WARN_SUSPICIOUS_MOVE = YES;
				CLANG_WARN_UNGUARDED_AVAILABILITY = YES_AGGRESSIVE;
				CLANG_WARN_UNREACHABLE_CODE = YES;
				CLANG_WARN__DUPLICATE_METHOD_MATCH = YES;
				CODE_SIGN_IDENTITY = "iPhone Developer";
				COPY_PHASE_STRIP = NO;
				DEBUG_INFORMATION_FORMAT = "dwarf-with-dsym";
				ENABLE_NS_ASSERTIONS = NO;
				ENABLE_STRICT_OBJC_MSGSEND = YES;
				GCC_C_LANGUAGE_STANDARD = gnu11;
				GCC_NO_COMMON_BLOCKS = YES;
				GCC_WARN_64_TO_32_BIT_CONVERSION = YES;
				GCC_WARN_ABOUT_RETURN_TYPE = YES_ERROR;
				GCC_WARN_UNDECLARED_SELECTOR = YES;
				GCC_WARN_UNINITIALIZED_AUTOS = YES_AGGRESSIVE;
				GCC_WARN_UNUSED_FUNCTION = YES;
				GCC_WARN_UNUSED_VARIABLE = YES;
				IPHONEOS_DEPLOYMENT_TARGET = 11.2;
				MTL_ENABLE_DEBUG_INFO = NO;
				SDKROOT = iphoneos;
				SWIFT_OPTIMIZATION_LEVEL = "-Owholemodule";
				VALIDATE_PRODUCT = YES;
			};
			name = Release;
		};
		076E05322072AAFB00554F97 /* Debug */ = {
			isa = XCBuildConfiguration;
			buildSettings = {
				ASSETCATALOG_COMPILER_APPICON_NAME = AppIcon;
				CODE_SIGN_STYLE = Automatic;
				INFOPLIST_FILE = fisioapp/Info.plist;
				LD_RUNPATH_SEARCH_PATHS = "$(inherited) @executable_path/Frameworks";
				PRODUCT_BUNDLE_IDENTIFIER = com.projectx.fisioapp;
				PRODUCT_NAME = "$(TARGET_NAME)";
				SWIFT_VERSION = 4.0;
				TARGETED_DEVICE_FAMILY = "1,2";
			};
			name = Debug;
		};
		076E05332072AAFB00554F97 /* Release */ = {
			isa = XCBuildConfiguration;
			buildSettings = {
				ASSETCATALOG_COMPILER_APPICON_NAME = AppIcon;
				CODE_SIGN_STYLE = Automatic;
				INFOPLIST_FILE = fisioapp/Info.plist;
				LD_RUNPATH_SEARCH_PATHS = "$(inherited) @executable_path/Frameworks";
				PRODUCT_BUNDLE_IDENTIFIER = com.projectx.fisioapp;
				PRODUCT_NAME = "$(TARGET_NAME)";
				SWIFT_VERSION = 4.0;
				TARGETED_DEVICE_FAMILY = "1,2";
			};
			name = Release;
		};
		076E05352072AAFB00554F97 /* Debug */ = {
			isa = XCBuildConfiguration;
			buildSettings = {
				ALWAYS_EMBED_SWIFT_STANDARD_LIBRARIES = YES;
				BUNDLE_LOADER = "$(TEST_HOST)";
				CODE_SIGN_STYLE = Automatic;
				INFOPLIST_FILE = fisioappTests/Info.plist;
				LD_RUNPATH_SEARCH_PATHS = "$(inherited) @executable_path/Frameworks @loader_path/Frameworks";
				PRODUCT_BUNDLE_IDENTIFIER = com.projectx.fisioappTests;
				PRODUCT_NAME = "$(TARGET_NAME)";
				SWIFT_VERSION = 4.0;
				TARGETED_DEVICE_FAMILY = "1,2";
				TEST_HOST = "$(BUILT_PRODUCTS_DIR)/fisioapp.app/fisioapp";
			};
			name = Debug;
		};
		076E05362072AAFB00554F97 /* Release */ = {
			isa = XCBuildConfiguration;
			buildSettings = {
				ALWAYS_EMBED_SWIFT_STANDARD_LIBRARIES = YES;
				BUNDLE_LOADER = "$(TEST_HOST)";
				CODE_SIGN_STYLE = Automatic;
				INFOPLIST_FILE = fisioappTests/Info.plist;
				LD_RUNPATH_SEARCH_PATHS = "$(inherited) @executable_path/Frameworks @loader_path/Frameworks";
				PRODUCT_BUNDLE_IDENTIFIER = com.projectx.fisioappTests;
				PRODUCT_NAME = "$(TARGET_NAME)";
				SWIFT_VERSION = 4.0;
				TARGETED_DEVICE_FAMILY = "1,2";
				TEST_HOST = "$(BUILT_PRODUCTS_DIR)/fisioapp.app/fisioapp";
			};
			name = Release;
		};
		07BAE7C82072BEB500BDA03E /* Debug */ = {
			isa = XCBuildConfiguration;
			buildSettings = {
				CODE_SIGN_IDENTITY = "";
				CODE_SIGN_STYLE = Automatic;
				CURRENT_PROJECT_VERSION = 1;
				DEFINES_MODULE = YES;
				DYLIB_COMPATIBILITY_VERSION = 1;
				DYLIB_CURRENT_VERSION = 1;
				DYLIB_INSTALL_NAME_BASE = "@rpath";
				INFOPLIST_FILE = domain/Info.plist;
				INSTALL_PATH = "$(LOCAL_LIBRARY_DIR)/Frameworks";
				LD_RUNPATH_SEARCH_PATHS = "$(inherited) @executable_path/Frameworks @loader_path/Frameworks";
				PRODUCT_BUNDLE_IDENTIFIER = com.projectx.fisioapp.domain;
				PRODUCT_NAME = "$(TARGET_NAME:c99extidentifier)";
				SKIP_INSTALL = YES;
				SWIFT_VERSION = 4.0;
				TARGETED_DEVICE_FAMILY = "1,2";
				VERSIONING_SYSTEM = "apple-generic";
				VERSION_INFO_PREFIX = "";
			};
			name = Debug;
		};
		07BAE7C92072BEB500BDA03E /* Release */ = {
			isa = XCBuildConfiguration;
			buildSettings = {
				CODE_SIGN_IDENTITY = "";
				CODE_SIGN_STYLE = Automatic;
				CURRENT_PROJECT_VERSION = 1;
				DEFINES_MODULE = YES;
				DYLIB_COMPATIBILITY_VERSION = 1;
				DYLIB_CURRENT_VERSION = 1;
				DYLIB_INSTALL_NAME_BASE = "@rpath";
				INFOPLIST_FILE = domain/Info.plist;
				INSTALL_PATH = "$(LOCAL_LIBRARY_DIR)/Frameworks";
				LD_RUNPATH_SEARCH_PATHS = "$(inherited) @executable_path/Frameworks @loader_path/Frameworks";
				PRODUCT_BUNDLE_IDENTIFIER = com.projectx.fisioapp.domain;
				PRODUCT_NAME = "$(TARGET_NAME:c99extidentifier)";
				SKIP_INSTALL = YES;
				SWIFT_VERSION = 4.0;
				TARGETED_DEVICE_FAMILY = "1,2";
				VERSIONING_SYSTEM = "apple-generic";
				VERSION_INFO_PREFIX = "";
			};
			name = Release;
		};
		07BAE7CA2072BEB500BDA03E /* Debug */ = {
			isa = XCBuildConfiguration;
			buildSettings = {
				ALWAYS_EMBED_SWIFT_STANDARD_LIBRARIES = YES;
				CODE_SIGN_STYLE = Automatic;
				INFOPLIST_FILE = domainTests/Info.plist;
				LD_RUNPATH_SEARCH_PATHS = "$(inherited) @executable_path/Frameworks @loader_path/Frameworks";
				PRODUCT_BUNDLE_IDENTIFIER = com.projectx.fisioapp.domainTests;
				PRODUCT_NAME = "$(TARGET_NAME)";
				SWIFT_VERSION = 4.0;
				TARGETED_DEVICE_FAMILY = "1,2";
				TEST_HOST = "$(BUILT_PRODUCTS_DIR)/fisioapp.app/fisioapp";
			};
			name = Debug;
		};
		07BAE7CB2072BEB500BDA03E /* Release */ = {
			isa = XCBuildConfiguration;
			buildSettings = {
				ALWAYS_EMBED_SWIFT_STANDARD_LIBRARIES = YES;
				CODE_SIGN_STYLE = Automatic;
				INFOPLIST_FILE = domainTests/Info.plist;
				LD_RUNPATH_SEARCH_PATHS = "$(inherited) @executable_path/Frameworks @loader_path/Frameworks";
				PRODUCT_BUNDLE_IDENTIFIER = com.projectx.fisioapp.domainTests;
				PRODUCT_NAME = "$(TARGET_NAME)";
				SWIFT_VERSION = 4.0;
				TARGETED_DEVICE_FAMILY = "1,2";
				TEST_HOST = "$(BUILT_PRODUCTS_DIR)/fisioapp.app/fisioapp";
			};
			name = Release;
		};
		07BAE7ED2072BF9600BDA03E /* Debug */ = {
			isa = XCBuildConfiguration;
			buildSettings = {
				CODE_SIGN_IDENTITY = "";
				CODE_SIGN_STYLE = Automatic;
				CURRENT_PROJECT_VERSION = 1;
				DEFINES_MODULE = YES;
				DYLIB_COMPATIBILITY_VERSION = 1;
				DYLIB_CURRENT_VERSION = 1;
				DYLIB_INSTALL_NAME_BASE = "@rpath";
				INFOPLIST_FILE = repository/Info.plist;
				INSTALL_PATH = "$(LOCAL_LIBRARY_DIR)/Frameworks";
				LD_RUNPATH_SEARCH_PATHS = "$(inherited) @executable_path/Frameworks @loader_path/Frameworks";
				PRODUCT_BUNDLE_IDENTIFIER = com.projectx.fisioapp.repository;
				PRODUCT_NAME = "$(TARGET_NAME:c99extidentifier)";
				SKIP_INSTALL = YES;
				SWIFT_VERSION = 4.0;
				TARGETED_DEVICE_FAMILY = "1,2";
				VERSIONING_SYSTEM = "apple-generic";
				VERSION_INFO_PREFIX = "";
			};
			name = Debug;
		};
		07BAE7EE2072BF9600BDA03E /* Release */ = {
			isa = XCBuildConfiguration;
			buildSettings = {
				CODE_SIGN_IDENTITY = "";
				CODE_SIGN_STYLE = Automatic;
				CURRENT_PROJECT_VERSION = 1;
				DEFINES_MODULE = YES;
				DYLIB_COMPATIBILITY_VERSION = 1;
				DYLIB_CURRENT_VERSION = 1;
				DYLIB_INSTALL_NAME_BASE = "@rpath";
				INFOPLIST_FILE = repository/Info.plist;
				INSTALL_PATH = "$(LOCAL_LIBRARY_DIR)/Frameworks";
				LD_RUNPATH_SEARCH_PATHS = "$(inherited) @executable_path/Frameworks @loader_path/Frameworks";
				PRODUCT_BUNDLE_IDENTIFIER = com.projectx.fisioapp.repository;
				PRODUCT_NAME = "$(TARGET_NAME:c99extidentifier)";
				SKIP_INSTALL = YES;
				SWIFT_VERSION = 4.0;
				TARGETED_DEVICE_FAMILY = "1,2";
				VERSIONING_SYSTEM = "apple-generic";
				VERSION_INFO_PREFIX = "";
			};
			name = Release;
		};
		07BAE7F02072BF9600BDA03E /* Debug */ = {
			isa = XCBuildConfiguration;
			buildSettings = {
				ALWAYS_EMBED_SWIFT_STANDARD_LIBRARIES = YES;
				CODE_SIGN_STYLE = Automatic;
				INFOPLIST_FILE = repositoryTests/Info.plist;
				LD_RUNPATH_SEARCH_PATHS = "$(inherited) @executable_path/Frameworks @loader_path/Frameworks";
				PRODUCT_BUNDLE_IDENTIFIER = com.projectx.fisioapp.repositoryTests;
				PRODUCT_NAME = "$(TARGET_NAME)";
				SWIFT_VERSION = 4.0;
				TARGETED_DEVICE_FAMILY = "1,2";
				TEST_HOST = "$(BUILT_PRODUCTS_DIR)/fisioapp.app/fisioapp";
			};
			name = Debug;
		};
		07BAE7F12072BF9600BDA03E /* Release */ = {
			isa = XCBuildConfiguration;
			buildSettings = {
				ALWAYS_EMBED_SWIFT_STANDARD_LIBRARIES = YES;
				CODE_SIGN_STYLE = Automatic;
				INFOPLIST_FILE = repositoryTests/Info.plist;
				LD_RUNPATH_SEARCH_PATHS = "$(inherited) @executable_path/Frameworks @loader_path/Frameworks";
				PRODUCT_BUNDLE_IDENTIFIER = com.projectx.fisioapp.repositoryTests;
				PRODUCT_NAME = "$(TARGET_NAME)";
				SWIFT_VERSION = 4.0;
				TARGETED_DEVICE_FAMILY = "1,2";
				TEST_HOST = "$(BUILT_PRODUCTS_DIR)/fisioapp.app/fisioapp";
			};
			name = Release;
		};
/* End XCBuildConfiguration section */

/* Begin XCConfigurationList section */
		076E05112072AAFB00554F97 /* Build configuration list for PBXProject "fisioapp" */ = {
			isa = XCConfigurationList;
			buildConfigurations = (
				076E052F2072AAFB00554F97 /* Debug */,
				076E05302072AAFB00554F97 /* Release */,
			);
			defaultConfigurationIsVisible = 0;
			defaultConfigurationName = Release;
		};
		076E05312072AAFB00554F97 /* Build configuration list for PBXNativeTarget "fisioapp" */ = {
			isa = XCConfigurationList;
			buildConfigurations = (
				076E05322072AAFB00554F97 /* Debug */,
				076E05332072AAFB00554F97 /* Release */,
			);
			defaultConfigurationIsVisible = 0;
			defaultConfigurationName = Release;
		};
		076E05342072AAFB00554F97 /* Build configuration list for PBXNativeTarget "fisioappTests" */ = {
			isa = XCConfigurationList;
			buildConfigurations = (
				076E05352072AAFB00554F97 /* Debug */,
				076E05362072AAFB00554F97 /* Release */,
			);
			defaultConfigurationIsVisible = 0;
			defaultConfigurationName = Release;
		};
		07BAE7CC2072BEB500BDA03E /* Build configuration list for PBXNativeTarget "domain" */ = {
			isa = XCConfigurationList;
			buildConfigurations = (
				07BAE7C82072BEB500BDA03E /* Debug */,
				07BAE7C92072BEB500BDA03E /* Release */,
			);
			defaultConfigurationIsVisible = 0;
			defaultConfigurationName = Release;
		};
		07BAE7CE2072BEB500BDA03E /* Build configuration list for PBXNativeTarget "domainTests" */ = {
			isa = XCConfigurationList;
			buildConfigurations = (
				07BAE7CA2072BEB500BDA03E /* Debug */,
				07BAE7CB2072BEB500BDA03E /* Release */,
			);
			defaultConfigurationIsVisible = 0;
			defaultConfigurationName = Release;
		};
		07BAE7EC2072BF9600BDA03E /* Build configuration list for PBXNativeTarget "repository" */ = {
			isa = XCConfigurationList;
			buildConfigurations = (
				07BAE7ED2072BF9600BDA03E /* Debug */,
				07BAE7EE2072BF9600BDA03E /* Release */,
			);
			defaultConfigurationIsVisible = 0;
			defaultConfigurationName = Release;
		};
		07BAE7EF2072BF9600BDA03E /* Build configuration list for PBXNativeTarget "repositoryTests" */ = {
			isa = XCConfigurationList;
			buildConfigurations = (
				07BAE7F02072BF9600BDA03E /* Debug */,
				07BAE7F12072BF9600BDA03E /* Release */,
			);
			defaultConfigurationIsVisible = 0;
			defaultConfigurationName = Release;
		};
/* End XCConfigurationList section */

/* Begin XCVersionGroup section */
		076E051B2072AAFB00554F97 /* fisioapp.xcdatamodeld */ = {
			isa = XCVersionGroup;
			children = (
				076E051C2072AAFB00554F97 /* fisioapp.xcdatamodel */,
			);
			currentVersion = 076E051C2072AAFB00554F97 /* fisioapp.xcdatamodel */;
			path = fisioapp.xcdatamodeld;
			sourceTree = "<group>";
			versionGroupType = wrapper.xcdatamodel;
		};
/* End XCVersionGroup section */
	};
	rootObject = 076E050E2072AAFB00554F97 /* Project object */;
}
